<?xml version="1.0" encoding="utf-8"?>
<Project ToolsVersion="14.0" xmlns="http://schemas.microsoft.com/developer/msbuild/2003">
  <ItemGroup>
    <ClCompile Include="D:\ncnn_win32\tools\onnx\onnx2ncnn.cpp">
      <Filter>Source Files</Filter>
    </ClCompile>
    <ClCompile Include="D:\ncnn_win32\builds\tools\onnx\onnx.pb.cc">
      <Filter>Source Files</Filter>
    </ClCompile>
  </ItemGroup>
  <ItemGroup>
    <ClInclude Include="D:\ncnn_win32\builds\tools\onnx\onnx.pb.h">
      <Filter>Header Files</Filter>
    </ClInclude>
  </ItemGroup>
  <ItemGroup>
    <CustomBuild Include="D:\ncnn_win32\builds\CMakeFiles\0000d20d5914273c5d9ba95be9f41705\onnx.pb.h.rule">
      <Filter>CMake Rules</Filter>
    </CustomBuild>
    <CustomBuild Include="D:\ncnn_win32\tools\onnx\CMakeLists.txt" />
  </ItemGroup>
  <ItemGroup>
    <Filter Include="CMake Rules">
      <UniqueIdentifier>{449258C6-4831-3451-9CF3-D32AB76D5D38}</UniqueIdentifier>
    </Filter>
    <Filter Include="Header Files">
      <UniqueIdentifier>{704F1D62-6CB2-3DC1-A748-783EB4E5B549}</UniqueIdentifier>
    </Filter>
    <Filter Include="Source Files">
      <UniqueIdentifier>{68AA8FAF-8A0F-3502-B635-B5B6FC33AA89}</UniqueIdentifier>
    </Filter>
  </ItemGroup>
</Project>
