Microsoft Visual Studio Solution File, Format Version 12.00
# Visual Studio 14
Project("{2150E333-8FDC-42A3-9474-1A3956D46DE8}") = "benchmark", "benchmark", "{D85D51E6-6976-3B90-BC1B-0AE4BCD8F296}"
EndProject
Project("{2150E333-8FDC-42A3-9474-1A3956D46DE8}") = "cmake", "cmake", "{AF085EC6-8A67-3397-84AA-ED3F13086B4B}"
EndProject
Project("{2150E333-8FDC-42A3-9474-1A3956D46DE8}") = "libncnn", "libncnn", "{3E8EC8F2-5AD8-3208-B6BC-0407BA979904}"
EndProject
Project("{2150E333-8FDC-42A3-9474-1A3956D46DE8}") = "tests", "tests", "{7195C67F-FFF3-346F-826A-136508A5C83C}"
EndProject
Project("{2150E333-8FDC-42A3-9474-1A3956D46DE8}") = "tools", "tools", "{9CFD043B-9348-32DB-AE9D-68CEC71941A9}"
EndProject
Project("{2150E333-8FDC-42A3-9474-1A3956D46DE8}") = "converter", "tools\converter", "{7FFBD927-41AB-3E3D-BFBE-26088C1145B7}"
EndProject
Project("{8BC9CEB8-8B4A-11D0-8D11-00A0C91BC942}") = "ALL_BUILD", "ALL_BUILD.vcxproj", "{2B8BF521-CA81-3735-B8EE-5770B17924AD}"
	ProjectSection(ProjectDependencies) = postProject
		{4332727A-93F8-33C6-A309-44B92C4ACAD0} = {4332727A-93F8-33C6-A309-44B92C4ACAD0}
		{711A795D-A9FE-3FD8-9D4A-19E35FD8A352} = {711A795D-A9FE-3FD8-9D4A-19E35FD8A352}
		{B375B348-0970-30B4-A061-6AD02FC89D46} = {B375B348-0970-30B4-A061-6AD02FC89D46}
		{63774713-1C64-3F29-904A-874A1D16B683} = {63774713-1C64-3F29-904A-874A1D16B683}
		{5DBB1532-0374-34F7-A2AE-C5F4B8F2FAB5} = {5DBB1532-0374-34F7-A2AE-C5F4B8F2FAB5}
		{2928DC5A-7103-3382-8A97-1A7443F50432} = {2928DC5A-7103-3382-8A97-1A7443F50432}
		{B2EE9014-5AEA-346C-B7EE-9B8467E143AE} = {B2EE9014-5AEA-346C-B7EE-9B8467E143AE}
		{361D25A2-D365-332E-8F31-026DA0D32759} = {361D25A2-D365-332E-8F31-026DA0D32759}
		{D5066B6D-FF8E-3773-A450-7A5EE44949D4} = {D5066B6D-FF8E-3773-A450-7A5EE44949D4}
		{873EE910-8BCE-395A-876A-D3ADB1AE25C5} = {873EE910-8BCE-395A-876A-D3ADB1AE25C5}
		{93518520-D690-3609-8EF7-D72ECD312BEF} = {93518520-D690-3609-8EF7-D72ECD312BEF}
		{375D94DD-CD7A-3F08-AFF6-9632C1FC64AA} = {375D94DD-CD7A-3F08-AFF6-9632C1FC64AA}
		{0FF1CE28-203F-3F1F-BC0B-A2E3FC262534} = {0FF1CE28-203F-3F1F-BC0B-A2E3FC262534}
		{482DC662-168C-3F7B-8452-8934453A2D81} = {482DC662-168C-3F7B-8452-8934453A2D81}
		{6DB04EBB-EE13-35B2-B7B2-E42D4FA9928D} = {6DB04EBB-EE13-35B2-B7B2-E42D4FA9928D}
		{16E30CFF-A2A7-3110-B6E4-CA40A85E7608} = {16E30CFF-A2A7-3110-B6E4-CA40A85E7608}
		{6D393995-5B0E-3E77-BF26-6307DD46B388} = {6D393995-5B0E-3E77-BF26-6307DD46B388}
		{EED98D9C-3426-3752-BA5B-1F98D5DC7676} = {EED98D9C-3426-3752-BA5B-1F98D5DC7676}
		{EEC53E12-DF81-32EE-849C-5DF8FA02F936} = {EEC53E12-DF81-32EE-849C-5DF8FA02F936}
		{4308570A-EBF8-38CE-82A7-7B1EC142A489} = {4308570A-EBF8-38CE-82A7-7B1EC142A489}
		{FDA36908-7743-36D1-A1D1-87ECC271AB7F} = {FDA36908-7743-36D1-A1D1-87ECC271AB7F}
		{DE0898BA-88F5-31B6-A756-58535D217BF1} = {DE0898BA-88F5-31B6-A756-58535D217BF1}
		{DDDFC358-6460-3930-841D-B3C27E570435} = {DDDFC358-6460-3930-841D-B3C27E570435}
		{840D6045-0C46-3742-8786-A4049826E70A} = {840D6045-0C46-3742-8786-A4049826E70A}
		{9D0EFF84-F9DE-367E-B24A-8052CF10A841} = {9D0EFF84-F9DE-367E-B24A-8052CF10A841}
		{5F3BF379-CAAC-30E5-B9F7-FCADF9F78209} = {5F3BF379-CAAC-30E5-B9F7-FCADF9F78209}
		{24F67D03-2C99-3C33-BC66-C4C736B7DFB2} = {24F67D03-2C99-3C33-BC66-C4C736B7DFB2}
		{0CEBA14F-4B86-3173-86BA-BD4314A82642} = {0CEBA14F-4B86-3173-86BA-BD4314A82642}
		{9267EF4F-96F9-3438-81B1-757EE10B98DD} = {9267EF4F-96F9-3438-81B1-757EE10B98DD}
		{04645F0D-E59B-36A6-A38D-FCC4171F545A} = {04645F0D-E59B-36A6-A38D-FCC4171F545A}
		{42F79CAE-6FF9-320A-BF3F-A8CA5F893B8F} = {42F79CAE-6FF9-320A-BF3F-A8CA5F893B8F}
		{FE8B27EE-DA61-36B1-8FCB-C4EDDB9061B4} = {FE8B27EE-DA61-36B1-8FCB-C4EDDB9061B4}
		{E3265EAF-E487-3F1B-8D7D-B6F0770DA339} = {E3265EAF-E487-3F1B-8D7D-B6F0770DA339}
		{F9070415-243A-3A63-AF21-C39CB0F8179B} = {F9070415-243A-3A63-AF21-C39CB0F8179B}
		{A731B812-B05B-32C4-84B4-43A6A1D74DD9} = {A731B812-B05B-32C4-84B4-43A6A1D74DD9}
		{7E6462DA-58DD-342B-85AD-E43D05FD2651} = {7E6462DA-58DD-342B-85AD-E43D05FD2651}
		{35586F1B-ED17-3D30-9AA1-6A32DAE4489F} = {35586F1B-ED17-3D30-9AA1-6A32DAE4489F}
		{2F2930DA-92CC-3C8F-BFC9-C5FF4D0A8026} = {2F2930DA-92CC-3C8F-BFC9-C5FF4D0A8026}
		{11E4D982-E7BD-3FC7-9B83-557E897E3B43} = {11E4D982-E7BD-3FC7-9B83-557E897E3B43}
		{1B2844CC-A931-3EE7-A73F-FB80E5B641B3} = {1B2844CC-A931-3EE7-A73F-FB80E5B641B3}
		{061D2D4D-935D-36EE-8286-F3445104A022} = {061D2D4D-935D-36EE-8286-F3445104A022}
		{F308E87B-76B8-371B-A306-B62CB3F00B35} = {F308E87B-76B8-371B-A306-B62CB3F00B35}
		{0A96F20D-C40B-3D5C-BC44-E37274FB5ED1} = {0A96F20D-C40B-3D5C-BC44-E37274FB5ED1}
		{177A98DA-83EA-3D80-A666-A8CBA4E5C934} = {177A98DA-83EA-3D80-A666-A8CBA4E5C934}
		{D6220EFB-0295-35C7-8457-627154913190} = {D6220EFB-0295-35C7-8457-627154913190}
		{988D3829-91BF-3B4E-899D-7CBD5251DD5B} = {988D3829-91BF-3B4E-899D-7CBD5251DD5B}
		{1CE82701-7B72-3546-94B5-B01FB753003D} = {1CE82701-7B72-3546-94B5-B01FB753003D}
		{80DD1562-8146-322F-9B53-6FEEDFB6D6CF} = {80DD1562-8146-322F-9B53-6FEEDFB6D6CF}
		{7C0E7106-0C6F-3896-9806-29F5F4DD7C01} = {7C0E7106-0C6F-3896-9806-29F5F4DD7C01}
		{A0F3CC3C-5650-35F3-9A33-857ED31ABFE7} = {A0F3CC3C-5650-35F3-9A33-857ED31ABFE7}
		{3D4451E9-5A96-3AEE-8B21-DCD12927A671} = {3D4451E9-5A96-3AEE-8B21-DCD12927A671}
	EndProjectSection
EndProject
Project("{8BC9CEB8-8B4A-11D0-8D11-00A0C91BC942}") = "INSTALL", "INSTALL.vcxproj", "{7A2FC30E-CF6E-375C-AA0C-8CC0BD13F82E}"
	ProjectSection(ProjectDependencies) = postProject
		{2B8BF521-CA81-3735-B8EE-5770B17924AD} = {2B8BF521-CA81-3735-B8EE-5770B17924AD}
		{4332727A-93F8-33C6-A309-44B92C4ACAD0} = {4332727A-93F8-33C6-A309-44B92C4ACAD0}
	EndProjectSection
EndProject
Project("{8BC9CEB8-8B4A-11D0-8D11-00A0C91BC942}") = "RUN_TESTS", "RUN_TESTS.vcxproj", "{48C9B259-64C0-3AF0-8C5E-856BBB9B6AED}"
	ProjectSection(ProjectDependencies) = postProject
		{4332727A-93F8-33C6-A309-44B92C4ACAD0} = {4332727A-93F8-33C6-A309-44B92C4ACAD0}
	EndProjectSection
EndProject
Project("{8BC9CEB8-8B4A-11D0-8D11-00A0C91BC942}") = "ZERO_CHECK", "ZERO_CHECK.vcxproj", "{4332727A-93F8-33C6-A309-44B92C4ACAD0}"
	ProjectSection(ProjectDependencies) = postProject
	EndProjectSection
EndProject
Project("{8BC9CEB8-8B4A-11D0-8D11-00A0C91BC942}") = "benchncnn", "benchmark\benchncnn.vcxproj", "{711A795D-A9FE-3FD8-9D4A-19E35FD8A352}"
	ProjectSection(ProjectDependencies) = postProject
		{4332727A-93F8-33C6-A309-44B92C4ACAD0} = {4332727A-93F8-33C6-A309-44B92C4ACAD0}
		{2928DC5A-7103-3382-8A97-1A7443F50432} = {2928DC5A-7103-3382-8A97-1A7443F50432}
	EndProjectSection
EndProject
Project("{8BC9CEB8-8B4A-11D0-8D11-00A0C91BC942}") = "caffe2ncnn", "tools\caffe\caffe2ncnn.vcxproj", "{B375B348-0970-30B4-A061-6AD02FC89D46}"
	ProjectSection(ProjectDependencies) = postProject
		{4332727A-93F8-33C6-A309-44B92C4ACAD0} = {4332727A-93F8-33C6-A309-44B92C4ACAD0}
	EndProjectSection
EndProject
Project("{8BC9CEB8-8B4A-11D0-8D11-00A0C91BC942}") = "darknet2ncnn", "tools\darknet\darknet2ncnn.vcxproj", "{63774713-1C64-3F29-904A-874A1D16B683}"
	ProjectSection(ProjectDependencies) = postProject
		{4332727A-93F8-33C6-A309-44B92C4ACAD0} = {4332727A-93F8-33C6-A309-44B92C4ACAD0}
	EndProjectSection
EndProject
Project("{8BC9CEB8-8B4A-11D0-8D11-00A0C91BC942}") = "generate-spirv", "src\generate-spirv.vcxproj", "{25A108AC-C2DC-340A-904E-549ECC02D5CE}"
	ProjectSection(ProjectDependencies) = postProject
		{4332727A-93F8-33C6-A309-44B92C4ACAD0} = {4332727A-93F8-33C6-A309-44B92C4ACAD0}
	EndProjectSection
EndProject
Project("{8BC9CEB8-8B4A-11D0-8D11-00A0C91BC942}") = "mxnet2ncnn", "tools\mxnet\mxnet2ncnn.vcxproj", "{5DBB1532-0374-34F7-A2AE-C5F4B8F2FAB5}"
	ProjectSection(ProjectDependencies) = postProject
		{4332727A-93F8-33C6-A309-44B92C4ACAD0} = {4332727A-93F8-33C6-A309-44B92C4ACAD0}
	EndProjectSection
EndProject
Project("{8BC9CEB8-8B4A-11D0-8D11-00A0C91BC942}") = "ncnn", "src\ncnn.vcxproj", "{2928DC5A-7103-3382-8A97-1A7443F50432}"
	ProjectSection(ProjectDependencies) = postProject
		{4332727A-93F8-33C6-A309-44B92C4ACAD0} = {4332727A-93F8-33C6-A309-44B92C4ACAD0}
		{25A108AC-C2DC-340A-904E-549ECC02D5CE} = {25A108AC-C2DC-340A-904E-549ECC02D5CE}
	EndProjectSection
EndProject
Project("{8BC9CEB8-8B4A-11D0-8D11-00A0C91BC942}") = "ncnn2mem", "tools\ncnn2mem.vcxproj", "{B2EE9014-5AEA-346C-B7EE-9B8467E143AE}"
	ProjectSection(ProjectDependencies) = postProject
		{4332727A-93F8-33C6-A309-44B92C4ACAD0} = {4332727A-93F8-33C6-A309-44B92C4ACAD0}
		{2928DC5A-7103-3382-8A97-1A7443F50432} = {2928DC5A-7103-3382-8A97-1A7443F50432}
	EndProjectSection
EndProject
Project("{8BC9CEB8-8B4A-11D0-8D11-00A0C91BC942}") = "ncnnoptimize", "tools\ncnnoptimize.vcxproj", "{361D25A2-D365-332E-8F31-026DA0D32759}"
	ProjectSection(ProjectDependencies) = postProject
		{4332727A-93F8-33C6-A309-44B92C4ACAD0} = {4332727A-93F8-33C6-A309-44B92C4ACAD0}
		{2928DC5A-7103-3382-8A97-1A7443F50432} = {2928DC5A-7103-3382-8A97-1A7443F50432}
	EndProjectSection
EndProject
Project("{8BC9CEB8-8B4A-11D0-8D11-00A0C91BC942}") = "onnx2ncnn", "tools\onnx\onnx2ncnn.vcxproj", "{D5066B6D-FF8E-3773-A450-7A5EE44949D4}"
	ProjectSection(ProjectDependencies) = postProject
		{4332727A-93F8-33C6-A309-44B92C4ACAD0} = {4332727A-93F8-33C6-A309-44B92C4ACAD0}
	EndProjectSection
EndProject
Project("{8BC9CEB8-8B4A-11D0-8D11-00A0C91BC942}") = "test_batchnorm", "tests\test_batchnorm.vcxproj", "{873EE910-8BCE-395A-876A-D3ADB1AE25C5}"
	ProjectSection(ProjectDependencies) = postProject
		{4332727A-93F8-33C6-A309-44B92C4ACAD0} = {4332727A-93F8-33C6-A309-44B92C4ACAD0}
		{2928DC5A-7103-3382-8A97-1A7443F50432} = {2928DC5A-7103-3382-8A97-1A7443F50432}
	EndProjectSection
EndProject
Project("{8BC9CEB8-8B4A-11D0-8D11-00A0C91BC942}") = "test_binaryop", "tests\test_binaryop.vcxproj", "{93518520-D690-3609-8EF7-D72ECD312BEF}"
	ProjectSection(ProjectDependencies) = postProject
		{4332727A-93F8-33C6-A309-44B92C4ACAD0} = {4332727A-93F8-33C6-A309-44B92C4ACAD0}
		{2928DC5A-7103-3382-8A97-1A7443F50432} = {2928DC5A-7103-3382-8A97-1A7443F50432}
	EndProjectSection
EndProject
Project("{8BC9CEB8-8B4A-11D0-8D11-00A0C91BC942}") = "test_cast", "tests\test_cast.vcxproj", "{375D94DD-CD7A-3F08-AFF6-9632C1FC64AA}"
	ProjectSection(ProjectDependencies) = postProject
		{4332727A-93F8-33C6-A309-44B92C4ACAD0} = {4332727A-93F8-33C6-A309-44B92C4ACAD0}
		{2928DC5A-7103-3382-8A97-1A7443F50432} = {2928DC5A-7103-3382-8A97-1A7443F50432}
	EndProjectSection
EndProject
Project("{8BC9CEB8-8B4A-11D0-8D11-00A0C91BC942}") = "test_clip", "tests\test_clip.vcxproj", "{0FF1CE28-203F-3F1F-BC0B-A2E3FC262534}"
	ProjectSection(ProjectDependencies) = postProject
		{4332727A-93F8-33C6-A309-44B92C4ACAD0} = {4332727A-93F8-33C6-A309-44B92C4ACAD0}
		{2928DC5A-7103-3382-8A97-1A7443F50432} = {2928DC5A-7103-3382-8A97-1A7443F50432}
	EndProjectSection
EndProject
Project("{8BC9CEB8-8B4A-11D0-8D11-00A0C91BC942}") = "test_concat", "tests\test_concat.vcxproj", "{482DC662-168C-3F7B-8452-8934453A2D81}"
	ProjectSection(ProjectDependencies) = postProject
		{4332727A-93F8-33C6-A309-44B92C4ACAD0} = {4332727A-93F8-33C6-A309-44B92C4ACAD0}
		{2928DC5A-7103-3382-8A97-1A7443F50432} = {2928DC5A-7103-3382-8A97-1A7443F50432}
	EndProjectSection
EndProject
Project("{8BC9CEB8-8B4A-11D0-8D11-00A0C91BC942}") = "test_convolution", "tests\test_convolution.vcxproj", "{6DB04EBB-EE13-35B2-B7B2-E42D4FA9928D}"
	ProjectSection(ProjectDependencies) = postProject
		{4332727A-93F8-33C6-A309-44B92C4ACAD0} = {4332727A-93F8-33C6-A309-44B92C4ACAD0}
		{2928DC5A-7103-3382-8A97-1A7443F50432} = {2928DC5A-7103-3382-8A97-1A7443F50432}
	EndProjectSection
EndProject
Project("{8BC9CEB8-8B4A-11D0-8D11-00A0C91BC942}") = "test_convolutiondepthwise", "tests\test_convolutiondepthwise.vcxproj", "{16E30CFF-A2A7-3110-B6E4-CA40A85E7608}"
	ProjectSection(ProjectDependencies) = postProject
		{4332727A-93F8-33C6-A309-44B92C4ACAD0} = {4332727A-93F8-33C6-A309-44B92C4ACAD0}
		{2928DC5A-7103-3382-8A97-1A7443F50432} = {2928DC5A-7103-3382-8A97-1A7443F50432}
	EndProjectSection
EndProject
Project("{8BC9CEB8-8B4A-11D0-8D11-00A0C91BC942}") = "test_crop", "tests\test_crop.vcxproj", "{6D393995-5B0E-3E77-BF26-6307DD46B388}"
	ProjectSection(ProjectDependencies) = postProject
		{4332727A-93F8-33C6-A309-44B92C4ACAD0} = {4332727A-93F8-33C6-A309-44B92C4ACAD0}
		{2928DC5A-7103-3382-8A97-1A7443F50432} = {2928DC5A-7103-3382-8A97-1A7443F50432}
	EndProjectSection
EndProject
Project("{8BC9CEB8-8B4A-11D0-8D11-00A0C91BC942}") = "test_deconvolution", "tests\test_deconvolution.vcxproj", "{EED98D9C-3426-3752-BA5B-1F98D5DC7676}"
	ProjectSection(ProjectDependencies) = postProject
		{4332727A-93F8-33C6-A309-44B92C4ACAD0} = {4332727A-93F8-33C6-A309-44B92C4ACAD0}
		{2928DC5A-7103-3382-8A97-1A7443F50432} = {2928DC5A-7103-3382-8A97-1A7443F50432}
	EndProjectSection
EndProject
Project("{8BC9CEB8-8B4A-11D0-8D11-00A0C91BC942}") = "test_deconvolutiondepthwise", "tests\test_deconvolutiondepthwise.vcxproj", "{EEC53E12-DF81-32EE-849C-5DF8FA02F936}"
	ProjectSection(ProjectDependencies) = postProject
		{4332727A-93F8-33C6-A309-44B92C4ACAD0} = {4332727A-93F8-33C6-A309-44B92C4ACAD0}
		{2928DC5A-7103-3382-8A97-1A7443F50432} = {2928DC5A-7103-3382-8A97-1A7443F50432}
	EndProjectSection
EndProject
Project("{8BC9CEB8-8B4A-11D0-8D11-00A0C91BC942}") = "test_deepcopy", "tests\test_deepcopy.vcxproj", "{4308570A-EBF8-38CE-82A7-7B1EC142A489}"
	ProjectSection(ProjectDependencies) = postProject
		{4332727A-93F8-33C6-A309-44B92C4ACAD0} = {4332727A-93F8-33C6-A309-44B92C4ACAD0}
		{2928DC5A-7103-3382-8A97-1A7443F50432} = {2928DC5A-7103-3382-8A97-1A7443F50432}
	EndProjectSection
EndProject
Project("{8BC9CEB8-8B4A-11D0-8D11-00A0C91BC942}") = "test_dropout", "tests\test_dropout.vcxproj", "{FDA36908-7743-36D1-A1D1-87ECC271AB7F}"
	ProjectSection(ProjectDependencies) = postProject
		{4332727A-93F8-33C6-A309-44B92C4ACAD0} = {4332727A-93F8-33C6-A309-44B92C4ACAD0}
		{2928DC5A-7103-3382-8A97-1A7443F50432} = {2928DC5A-7103-3382-8A97-1A7443F50432}
	EndProjectSection
EndProject
Project("{8BC9CEB8-8B4A-11D0-8D11-00A0C91BC942}") = "test_eltwise", "tests\test_eltwise.vcxproj", "{DE0898BA-88F5-31B6-A756-58535D217BF1}"
	ProjectSection(ProjectDependencies) = postProject
		{4332727A-93F8-33C6-A309-44B92C4ACAD0} = {4332727A-93F8-33C6-A309-44B92C4ACAD0}
		{2928DC5A-7103-3382-8A97-1A7443F50432} = {2928DC5A-7103-3382-8A97-1A7443F50432}
	EndProjectSection
EndProject
Project("{8BC9CEB8-8B4A-11D0-8D11-00A0C91BC942}") = "test_elu", "tests\test_elu.vcxproj", "{DDDFC358-6460-3930-841D-B3C27E570435}"
	ProjectSection(ProjectDependencies) = postProject
		{4332727A-93F8-33C6-A309-44B92C4ACAD0} = {4332727A-93F8-33C6-A309-44B92C4ACAD0}
		{2928DC5A-7103-3382-8A97-1A7443F50432} = {2928DC5A-7103-3382-8A97-1A7443F50432}
	EndProjectSection
EndProject
Project("{8BC9CEB8-8B4A-11D0-8D11-00A0C91BC942}") = "test_flatten", "tests\test_flatten.vcxproj", "{840D6045-0C46-3742-8786-A4049826E70A}"
	ProjectSection(ProjectDependencies) = postProject
		{4332727A-93F8-33C6-A309-44B92C4ACAD0} = {4332727A-93F8-33C6-A309-44B92C4ACAD0}
		{2928DC5A-7103-3382-8A97-1A7443F50432} = {2928DC5A-7103-3382-8A97-1A7443F50432}
	EndProjectSection
EndProject
Project("{8BC9CEB8-8B4A-11D0-8D11-00A0C91BC942}") = "test_hardsigmoid", "tests\test_hardsigmoid.vcxproj", "{9D0EFF84-F9DE-367E-B24A-8052CF10A841}"
	ProjectSection(ProjectDependencies) = postProject
		{4332727A-93F8-33C6-A309-44B92C4ACAD0} = {4332727A-93F8-33C6-A309-44B92C4ACAD0}
		{2928DC5A-7103-3382-8A97-1A7443F50432} = {2928DC5A-7103-3382-8A97-1A7443F50432}
	EndProjectSection
EndProject
Project("{8BC9CEB8-8B4A-11D0-8D11-00A0C91BC942}") = "test_hardswish", "tests\test_hardswish.vcxproj", "{5F3BF379-CAAC-30E5-B9F7-FCADF9F78209}"
	ProjectSection(ProjectDependencies) = postProject
		{4332727A-93F8-33C6-A309-44B92C4ACAD0} = {4332727A-93F8-33C6-A309-44B92C4ACAD0}
		{2928DC5A-7103-3382-8A97-1A7443F50432} = {2928DC5A-7103-3382-8A97-1A7443F50432}
	EndProjectSection
EndProject
Project("{8BC9CEB8-8B4A-11D0-8D11-00A0C91BC942}") = "test_innerproduct", "tests\test_innerproduct.vcxproj", "{24F67D03-2C99-3C33-BC66-C4C736B7DFB2}"
	ProjectSection(ProjectDependencies) = postProject
		{4332727A-93F8-33C6-A309-44B92C4ACAD0} = {4332727A-93F8-33C6-A309-44B92C4ACAD0}
		{2928DC5A-7103-3382-8A97-1A7443F50432} = {2928DC5A-7103-3382-8A97-1A7443F50432}
	EndProjectSection
EndProject
Project("{8BC9CEB8-8B4A-11D0-8D11-00A0C91BC942}") = "test_instancenorm", "tests\test_instancenorm.vcxproj", "{0CEBA14F-4B86-3173-86BA-BD4314A82642}"
	ProjectSection(ProjectDependencies) = postProject
		{4332727A-93F8-33C6-A309-44B92C4ACAD0} = {4332727A-93F8-33C6-A309-44B92C4ACAD0}
		{2928DC5A-7103-3382-8A97-1A7443F50432} = {2928DC5A-7103-3382-8A97-1A7443F50432}
	EndProjectSection
EndProject
Project("{8BC9CEB8-8B4A-11D0-8D11-00A0C91BC942}") = "test_interp", "tests\test_interp.vcxproj", "{9267EF4F-96F9-3438-81B1-757EE10B98DD}"
	ProjectSection(ProjectDependencies) = postProject
		{4332727A-93F8-33C6-A309-44B92C4ACAD0} = {4332727A-93F8-33C6-A309-44B92C4ACAD0}
		{2928DC5A-7103-3382-8A97-1A7443F50432} = {2928DC5A-7103-3382-8A97-1A7443F50432}
	EndProjectSection
EndProject
Project("{8BC9CEB8-8B4A-11D0-8D11-00A0C91BC942}") = "test_lrn", "tests\test_lrn.vcxproj", "{04645F0D-E59B-36A6-A38D-FCC4171F545A}"
	ProjectSection(ProjectDependencies) = postProject
		{4332727A-93F8-33C6-A309-44B92C4ACAD0} = {4332727A-93F8-33C6-A309-44B92C4ACAD0}
		{2928DC5A-7103-3382-8A97-1A7443F50432} = {2928DC5A-7103-3382-8A97-1A7443F50432}
	EndProjectSection
EndProject
Project("{8BC9CEB8-8B4A-11D0-8D11-00A0C91BC942}") = "test_memorydata", "tests\test_memorydata.vcxproj", "{42F79CAE-6FF9-320A-BF3F-A8CA5F893B8F}"
	ProjectSection(ProjectDependencies) = postProject
		{4332727A-93F8-33C6-A309-44B92C4ACAD0} = {4332727A-93F8-33C6-A309-44B92C4ACAD0}
		{2928DC5A-7103-3382-8A97-1A7443F50432} = {2928DC5A-7103-3382-8A97-1A7443F50432}
	EndProjectSection
EndProject
Project("{8BC9CEB8-8B4A-11D0-8D11-00A0C91BC942}") = "test_mish", "tests\test_mish.vcxproj", "{FE8B27EE-DA61-36B1-8FCB-C4EDDB9061B4}"
	ProjectSection(ProjectDependencies) = postProject
		{4332727A-93F8-33C6-A309-44B92C4ACAD0} = {4332727A-93F8-33C6-A309-44B92C4ACAD0}
		{2928DC5A-7103-3382-8A97-1A7443F50432} = {2928DC5A-7103-3382-8A97-1A7443F50432}
	EndProjectSection
EndProject
Project("{8BC9CEB8-8B4A-11D0-8D11-00A0C91BC942}") = "test_noop", "tests\test_noop.vcxproj", "{E3265EAF-E487-3F1B-8D7D-B6F0770DA339}"
	ProjectSection(ProjectDependencies) = postProject
		{4332727A-93F8-33C6-A309-44B92C4ACAD0} = {4332727A-93F8-33C6-A309-44B92C4ACAD0}
		{2928DC5A-7103-3382-8A97-1A7443F50432} = {2928DC5A-7103-3382-8A97-1A7443F50432}
	EndProjectSection
EndProject
Project("{8BC9CEB8-8B4A-11D0-8D11-00A0C91BC942}") = "test_normalize", "tests\test_normalize.vcxproj", "{F9070415-243A-3A63-AF21-C39CB0F8179B}"
	ProjectSection(ProjectDependencies) = postProject
		{4332727A-93F8-33C6-A309-44B92C4ACAD0} = {4332727A-93F8-33C6-A309-44B92C4ACAD0}
		{2928DC5A-7103-3382-8A97-1A7443F50432} = {2928DC5A-7103-3382-8A97-1A7443F50432}
	EndProjectSection
EndProject
Project("{8BC9CEB8-8B4A-11D0-8D11-00A0C91BC942}") = "test_packing", "tests\test_packing.vcxproj", "{A731B812-B05B-32C4-84B4-43A6A1D74DD9}"
	ProjectSection(ProjectDependencies) = postProject
		{4332727A-93F8-33C6-A309-44B92C4ACAD0} = {4332727A-93F8-33C6-A309-44B92C4ACAD0}
		{2928DC5A-7103-3382-8A97-1A7443F50432} = {2928DC5A-7103-3382-8A97-1A7443F50432}
	EndProjectSection
EndProject
Project("{8BC9CEB8-8B4A-11D0-8D11-00A0C91BC942}") = "test_padding", "tests\test_padding.vcxproj", "{7E6462DA-58DD-342B-85AD-E43D05FD2651}"
	ProjectSection(ProjectDependencies) = postProject
		{4332727A-93F8-33C6-A309-44B92C4ACAD0} = {4332727A-93F8-33C6-A309-44B92C4ACAD0}
		{2928DC5A-7103-3382-8A97-1A7443F50432} = {2928DC5A-7103-3382-8A97-1A7443F50432}
	EndProjectSection
EndProject
Project("{8BC9CEB8-8B4A-11D0-8D11-00A0C91BC942}") = "test_permute", "tests\test_permute.vcxproj", "{35586F1B-ED17-3D30-9AA1-6A32DAE4489F}"
	ProjectSection(ProjectDependencies) = postProject
		{4332727A-93F8-33C6-A309-44B92C4ACAD0} = {4332727A-93F8-33C6-A309-44B92C4ACAD0}
		{2928DC5A-7103-3382-8A97-1A7443F50432} = {2928DC5A-7103-3382-8A97-1A7443F50432}
	EndProjectSection
EndProject
Project("{8BC9CEB8-8B4A-11D0-8D11-00A0C91BC942}") = "test_pixelshuffle", "tests\test_pixelshuffle.vcxproj", "{2F2930DA-92CC-3C8F-BFC9-C5FF4D0A8026}"
	ProjectSection(ProjectDependencies) = postProject
		{4332727A-93F8-33C6-A309-44B92C4ACAD0} = {4332727A-93F8-33C6-A309-44B92C4ACAD0}
		{2928DC5A-7103-3382-8A97-1A7443F50432} = {2928DC5A-7103-3382-8A97-1A7443F50432}
	EndProjectSection
EndProject
Project("{8BC9CEB8-8B4A-11D0-8D11-00A0C91BC942}") = "test_pooling", "tests\test_pooling.vcxproj", "{11E4D982-E7BD-3FC7-9B83-557E897E3B43}"
	ProjectSection(ProjectDependencies) = postProject
		{4332727A-93F8-33C6-A309-44B92C4ACAD0} = {4332727A-93F8-33C6-A309-44B92C4ACAD0}
		{2928DC5A-7103-3382-8A97-1A7443F50432} = {2928DC5A-7103-3382-8A97-1A7443F50432}
	EndProjectSection
EndProject
Project("{8BC9CEB8-8B4A-11D0-8D11-00A0C91BC942}") = "test_prelu", "tests\test_prelu.vcxproj", "{1B2844CC-A931-3EE7-A73F-FB80E5B641B3}"
	ProjectSection(ProjectDependencies) = postProject
		{4332727A-93F8-33C6-A309-44B92C4ACAD0} = {4332727A-93F8-33C6-A309-44B92C4ACAD0}
		{2928DC5A-7103-3382-8A97-1A7443F50432} = {2928DC5A-7103-3382-8A97-1A7443F50432}
	EndProjectSection
EndProject
Project("{8BC9CEB8-8B4A-11D0-8D11-00A0C91BC942}") = "test_relu", "tests\test_relu.vcxproj", "{061D2D4D-935D-36EE-8286-F3445104A022}"
	ProjectSection(ProjectDependencies) = postProject
		{4332727A-93F8-33C6-A309-44B92C4ACAD0} = {4332727A-93F8-33C6-A309-44B92C4ACAD0}
		{2928DC5A-7103-3382-8A97-1A7443F50432} = {2928DC5A-7103-3382-8A97-1A7443F50432}
	EndProjectSection
EndProject
Project("{8BC9CEB8-8B4A-11D0-8D11-00A0C91BC942}") = "test_reorg", "tests\test_reorg.vcxproj", "{F308E87B-76B8-371B-A306-B62CB3F00B35}"
	ProjectSection(ProjectDependencies) = postProject
		{4332727A-93F8-33C6-A309-44B92C4ACAD0} = {4332727A-93F8-33C6-A309-44B92C4ACAD0}
		{2928DC5A-7103-3382-8A97-1A7443F50432} = {2928DC5A-7103-3382-8A97-1A7443F50432}
	EndProjectSection
EndProject
Project("{8BC9CEB8-8B4A-11D0-8D11-00A0C91BC942}") = "test_reshape", "tests\test_reshape.vcxproj", "{0A96F20D-C40B-3D5C-BC44-E37274FB5ED1}"
	ProjectSection(ProjectDependencies) = postProject
		{4332727A-93F8-33C6-A309-44B92C4ACAD0} = {4332727A-93F8-33C6-A309-44B92C4ACAD0}
		{2928DC5A-7103-3382-8A97-1A7443F50432} = {2928DC5A-7103-3382-8A97-1A7443F50432}
	EndProjectSection
EndProject
Project("{8BC9CEB8-8B4A-11D0-8D11-00A0C91BC942}") = "test_roipooling", "tests\test_roipooling.vcxproj", "{177A98DA-83EA-3D80-A666-A8CBA4E5C934}"
	ProjectSection(ProjectDependencies) = postProject
		{4332727A-93F8-33C6-A309-44B92C4ACAD0} = {4332727A-93F8-33C6-A309-44B92C4ACAD0}
		{2928DC5A-7103-3382-8A97-1A7443F50432} = {2928DC5A-7103-3382-8A97-1A7443F50432}
	EndProjectSection
EndProject
Project("{8BC9CEB8-8B4A-11D0-8D11-00A0C91BC942}") = "test_scale", "tests\test_scale.vcxproj", "{D6220EFB-0295-35C7-8457-627154913190}"
	ProjectSection(ProjectDependencies) = postProject
		{4332727A-93F8-33C6-A309-44B92C4ACAD0} = {4332727A-93F8-33C6-A309-44B92C4ACAD0}
		{2928DC5A-7103-3382-8A97-1A7443F50432} = {2928DC5A-7103-3382-8A97-1A7443F50432}
	EndProjectSection
EndProject
Project("{8BC9CEB8-8B4A-11D0-8D11-00A0C91BC942}") = "test_shufflechannel", "tests\test_shufflechannel.vcxproj", "{988D3829-91BF-3B4E-899D-7CBD5251DD5B}"
	ProjectSection(ProjectDependencies) = postProject
		{4332727A-93F8-33C6-A309-44B92C4ACAD0} = {4332727A-93F8-33C6-A309-44B92C4ACAD0}
		{2928DC5A-7103-3382-8A97-1A7443F50432} = {2928DC5A-7103-3382-8A97-1A7443F50432}
	EndProjectSection
EndProject
Project("{8BC9CEB8-8B4A-11D0-8D11-00A0C91BC942}") = "test_sigmoid", "tests\test_sigmoid.vcxproj", "{1CE82701-7B72-3546-94B5-B01FB753003D}"
	ProjectSection(ProjectDependencies) = postProject
		{4332727A-93F8-33C6-A309-44B92C4ACAD0} = {4332727A-93F8-33C6-A309-44B92C4ACAD0}
		{2928DC5A-7103-3382-8A97-1A7443F50432} = {2928DC5A-7103-3382-8A97-1A7443F50432}
	EndProjectSection
EndProject
Project("{8BC9CEB8-8B4A-11D0-8D11-00A0C91BC942}") = "test_slice", "tests\test_slice.vcxproj", "{80DD1562-8146-322F-9B53-6FEEDFB6D6CF}"
	ProjectSection(ProjectDependencies) = postProject
		{4332727A-93F8-33C6-A309-44B92C4ACAD0} = {4332727A-93F8-33C6-A309-44B92C4ACAD0}
		{2928DC5A-7103-3382-8A97-1A7443F50432} = {2928DC5A-7103-3382-8A97-1A7443F50432}
	EndProjectSection
EndProject
Project("{8BC9CEB8-8B4A-11D0-8D11-00A0C91BC942}") = "test_softmax", "tests\test_softmax.vcxproj", "{7C0E7106-0C6F-3896-9806-29F5F4DD7C01}"
	ProjectSection(ProjectDependencies) = postProject
		{4332727A-93F8-33C6-A309-44B92C4ACAD0} = {4332727A-93F8-33C6-A309-44B92C4ACAD0}
		{2928DC5A-7103-3382-8A97-1A7443F50432} = {2928DC5A-7103-3382-8A97-1A7443F50432}
	EndProjectSection
EndProject
Project("{8BC9CEB8-8B4A-11D0-8D11-00A0C91BC942}") = "test_tanh", "tests\test_tanh.vcxproj", "{A0F3CC3C-5650-35F3-9A33-857ED31ABFE7}"
	ProjectSection(ProjectDependencies) = postProject
		{4332727A-93F8-33C6-A309-44B92C4ACAD0} = {4332727A-93F8-33C6-A309-44B92C4ACAD0}
		{2928DC5A-7103-3382-8A97-1A7443F50432} = {2928DC5A-7103-3382-8A97-1A7443F50432}
	EndProjectSection
EndProject
Project("{8BC9CEB8-8B4A-11D0-8D11-00A0C91BC942}") = "test_unaryop", "tests\test_unaryop.vcxproj", "{3D4451E9-5A96-3AEE-8B21-DCD12927A671}"
	ProjectSection(ProjectDependencies) = postProject
		{4332727A-93F8-33C6-A309-44B92C4ACAD0} = {4332727A-93F8-33C6-A309-44B92C4ACAD0}
		{2928DC5A-7103-3382-8A97-1A7443F50432} = {2928DC5A-7103-3382-8A97-1A7443F50432}
	EndProjectSection
EndProject
Global
	GlobalSection(SolutionConfigurationPlatforms) = preSolution
		Debug|Win32 = Debug|Win32
		Release|Win32 = Release|Win32
		MinSizeRel|Win32 = MinSizeRel|Win32
		RelWithDebInfo|Win32 = RelWithDebInfo|Win32
	EndGlobalSection
	GlobalSection(ProjectConfigurationPlatforms) = postSolution
		{2B8BF521-CA81-3735-B8EE-5770B17924AD}.Debug|Win32.ActiveCfg = Debug|Win32
		{2B8BF521-CA81-3735-B8EE-5770B17924AD}.Debug|Win32.Build.0 = Debug|Win32
		{2B8BF521-CA81-3735-B8EE-5770B17924AD}.Release|Win32.ActiveCfg = Release|Win32
		{2B8BF521-CA81-3735-B8EE-5770B17924AD}.Release|Win32.Build.0 = Release|Win32
		{2B8BF521-CA81-3735-B8EE-5770B17924AD}.MinSizeRel|Win32.ActiveCfg = MinSizeRel|Win32
		{2B8BF521-CA81-3735-B8EE-5770B17924AD}.MinSizeRel|Win32.Build.0 = MinSizeRel|Win32
		{2B8BF521-CA81-3735-B8EE-5770B17924AD}.RelWithDebInfo|Win32.ActiveCfg = RelWithDebInfo|Win32
		{2B8BF521-CA81-3735-B8EE-5770B17924AD}.RelWithDebInfo|Win32.Build.0 = RelWithDebInfo|Win32
		{7A2FC30E-CF6E-375C-AA0C-8CC0BD13F82E}.Debug|Win32.ActiveCfg = Debug|Win32
		{7A2FC30E-CF6E-375C-AA0C-8CC0BD13F82E}.Release|Win32.ActiveCfg = Release|Win32
		{7A2FC30E-CF6E-375C-AA0C-8CC0BD13F82E}.MinSizeRel|Win32.ActiveCfg = MinSizeRel|Win32
		{7A2FC30E-CF6E-375C-AA0C-8CC0BD13F82E}.RelWithDebInfo|Win32.ActiveCfg = RelWithDebInfo|Win32
		{48C9B259-64C0-3AF0-8C5E-856BBB9B6AED}.Debug|Win32.ActiveCfg = Debug|Win32
		{48C9B259-64C0-3AF0-8C5E-856BBB9B6AED}.Release|Win32.ActiveCfg = Release|Win32
		{48C9B259-64C0-3AF0-8C5E-856BBB9B6AED}.MinSizeRel|Win32.ActiveCfg = MinSizeRel|Win32
		{48C9B259-64C0-3AF0-8C5E-856BBB9B6AED}.RelWithDebInfo|Win32.ActiveCfg = RelWithDebInfo|Win32
		{4332727A-93F8-33C6-A309-44B92C4ACAD0}.Debug|Win32.ActiveCfg = Debug|Win32
		{4332727A-93F8-33C6-A309-44B92C4ACAD0}.Debug|Win32.Build.0 = Debug|Win32
		{4332727A-93F8-33C6-A309-44B92C4ACAD0}.Release|Win32.ActiveCfg = Release|Win32
		{4332727A-93F8-33C6-A309-44B92C4ACAD0}.Release|Win32.Build.0 = Release|Win32
		{4332727A-93F8-33C6-A309-44B92C4ACAD0}.MinSizeRel|Win32.ActiveCfg = MinSizeRel|Win32
		{4332727A-93F8-33C6-A309-44B92C4ACAD0}.MinSizeRel|Win32.Build.0 = MinSizeRel|Win32
		{4332727A-93F8-33C6-A309-44B92C4ACAD0}.RelWithDebInfo|Win32.ActiveCfg = RelWithDebInfo|Win32
		{4332727A-93F8-33C6-A309-44B92C4ACAD0}.RelWithDebInfo|Win32.Build.0 = RelWithDebInfo|Win32
		{711A795D-A9FE-3FD8-9D4A-19E35FD8A352}.Debug|Win32.ActiveCfg = Debug|Win32
		{711A795D-A9FE-3FD8-9D4A-19E35FD8A352}.Debug|Win32.Build.0 = Debug|Win32
		{711A795D-A9FE-3FD8-9D4A-19E35FD8A352}.Release|Win32.ActiveCfg = Release|Win32
		{711A795D-A9FE-3FD8-9D4A-19E35FD8A352}.Release|Win32.Build.0 = Release|Win32
		{711A795D-A9FE-3FD8-9D4A-19E35FD8A352}.MinSizeRel|Win32.ActiveCfg = MinSizeRel|Win32
		{711A795D-A9FE-3FD8-9D4A-19E35FD8A352}.MinSizeRel|Win32.Build.0 = MinSizeRel|Win32
		{711A795D-A9FE-3FD8-9D4A-19E35FD8A352}.RelWithDebInfo|Win32.ActiveCfg = RelWithDebInfo|Win32
		{711A795D-A9FE-3FD8-9D4A-19E35FD8A352}.RelWithDebInfo|Win32.Build.0 = RelWithDebInfo|Win32
		{B375B348-0970-30B4-A061-6AD02FC89D46}.Debug|Win32.ActiveCfg = Debug|Win32
		{B375B348-0970-30B4-A061-6AD02FC89D46}.Debug|Win32.Build.0 = Debug|Win32
		{B375B348-0970-30B4-A061-6AD02FC89D46}.Release|Win32.ActiveCfg = Release|Win32
		{B375B348-0970-30B4-A061-6AD02FC89D46}.Release|Win32.Build.0 = Release|Win32
		{B375B348-0970-30B4-A061-6AD02FC89D46}.MinSizeRel|Win32.ActiveCfg = MinSizeRel|Win32
		{B375B348-0970-30B4-A061-6AD02FC89D46}.MinSizeRel|Win32.Build.0 = MinSizeRel|Win32
		{B375B348-0970-30B4-A061-6AD02FC89D46}.RelWithDebInfo|Win32.ActiveCfg = RelWithDebInfo|Win32
		{B375B348-0970-30B4-A061-6AD02FC89D46}.RelWithDebInfo|Win32.Build.0 = RelWithDebInfo|Win32
		{63774713-1C64-3F29-904A-874A1D16B683}.Debug|Win32.ActiveCfg = Debug|Win32
		{63774713-1C64-3F29-904A-874A1D16B683}.Debug|Win32.Build.0 = Debug|Win32
		{63774713-1C64-3F29-904A-874A1D16B683}.Release|Win32.ActiveCfg = Release|Win32
		{63774713-1C64-3F29-904A-874A1D16B683}.Release|Win32.Build.0 = Release|Win32
		{63774713-1C64-3F29-904A-874A1D16B683}.MinSizeRel|Win32.ActiveCfg = MinSizeRel|Win32
		{63774713-1C64-3F29-904A-874A1D16B683}.MinSizeRel|Win32.Build.0 = MinSizeRel|Win32
		{63774713-1C64-3F29-904A-874A1D16B683}.RelWithDebInfo|Win32.ActiveCfg = RelWithDebInfo|Win32
		{63774713-1C64-3F29-904A-874A1D16B683}.RelWithDebInfo|Win32.Build.0 = RelWithDebInfo|Win32
		{25A108AC-C2DC-340A-904E-549ECC02D5CE}.Debug|Win32.ActiveCfg = Debug|Win32
		{25A108AC-C2DC-340A-904E-549ECC02D5CE}.Debug|Win32.Build.0 = Debug|Win32
		{25A108AC-C2DC-340A-904E-549ECC02D5CE}.Release|Win32.ActiveCfg = Release|Win32
		{25A108AC-C2DC-340A-904E-549ECC02D5CE}.Release|Win32.Build.0 = Release|Win32
		{25A108AC-C2DC-340A-904E-549ECC02D5CE}.MinSizeRel|Win32.ActiveCfg = MinSizeRel|Win32
		{25A108AC-C2DC-340A-904E-549ECC02D5CE}.MinSizeRel|Win32.Build.0 = MinSizeRel|Win32
		{25A108AC-C2DC-340A-904E-549ECC02D5CE}.RelWithDebInfo|Win32.ActiveCfg = RelWithDebInfo|Win32
		{25A108AC-C2DC-340A-904E-549ECC02D5CE}.RelWithDebInfo|Win32.Build.0 = RelWithDebInfo|Win32
		{5DBB1532-0374-34F7-A2AE-C5F4B8F2FAB5}.Debug|Win32.ActiveCfg = Debug|Win32
		{5DBB1532-0374-34F7-A2AE-C5F4B8F2FAB5}.Debug|Win32.Build.0 = Debug|Win32
		{5DBB1532-0374-34F7-A2AE-C5F4B8F2FAB5}.Release|Win32.ActiveCfg = Release|Win32
		{5DBB1532-0374-34F7-A2AE-C5F4B8F2FAB5}.Release|Win32.Build.0 = Release|Win32
		{5DBB1532-0374-34F7-A2AE-C5F4B8F2FAB5}.MinSizeRel|Win32.ActiveCfg = MinSizeRel|Win32
		{5DBB1532-0374-34F7-A2AE-C5F4B8F2FAB5}.MinSizeRel|Win32.Build.0 = MinSizeRel|Win32
		{5DBB1532-0374-34F7-A2AE-C5F4B8F2FAB5}.RelWithDebInfo|Win32.ActiveCfg = RelWithDebInfo|Win32
		{5DBB1532-0374-34F7-A2AE-C5F4B8F2FAB5}.RelWithDebInfo|Win32.Build.0 = RelWithDebInfo|Win32
		{2928DC5A-7103-3382-8A97-1A7443F50432}.Debug|Win32.ActiveCfg = Debug|Win32
		{2928DC5A-7103-3382-8A97-1A7443F50432}.Debug|Win32.Build.0 = Debug|Win32
		{2928DC5A-7103-3382-8A97-1A7443F50432}.Release|Win32.ActiveCfg = Release|Win32
		{2928DC5A-7103-3382-8A97-1A7443F50432}.Release|Win32.Build.0 = Release|Win32
		{2928DC5A-7103-3382-8A97-1A7443F50432}.MinSizeRel|Win32.ActiveCfg = MinSizeRel|Win32
		{2928DC5A-7103-3382-8A97-1A7443F50432}.MinSizeRel|Win32.Build.0 = MinSizeRel|Win32
		{2928DC5A-7103-3382-8A97-1A7443F50432}.RelWithDebInfo|Win32.ActiveCfg = RelWithDebInfo|Win32
		{2928DC5A-7103-3382-8A97-1A7443F50432}.RelWithDebInfo|Win32.Build.0 = RelWithDebInfo|Win32
		{B2EE9014-5AEA-346C-B7EE-9B8467E143AE}.Debug|Win32.ActiveCfg = Debug|Win32
		{B2EE9014-5AEA-346C-B7EE-9B8467E143AE}.Debug|Win32.Build.0 = Debug|Win32
		{B2EE9014-5AEA-346C-B7EE-9B8467E143AE}.Release|Win32.ActiveCfg = Release|Win32
		{B2EE9014-5AEA-346C-B7EE-9B8467E143AE}.Release|Win32.Build.0 = Release|Win32
		{B2EE9014-5AEA-346C-B7EE-9B8467E143AE}.MinSizeRel|Win32.ActiveCfg = MinSizeRel|Win32
		{B2EE9014-5AEA-346C-B7EE-9B8467E143AE}.MinSizeRel|Win32.Build.0 = MinSizeRel|Win32
		{B2EE9014-5AEA-346C-B7EE-9B8467E143AE}.RelWithDebInfo|Win32.ActiveCfg = RelWithDebInfo|Win32
		{B2EE9014-5AEA-346C-B7EE-9B8467E143AE}.RelWithDebInfo|Win32.Build.0 = RelWithDebInfo|Win32
		{361D25A2-D365-332E-8F31-026DA0D32759}.Debug|Win32.ActiveCfg = Debug|Win32
		{361D25A2-D365-332E-8F31-026DA0D32759}.Debug|Win32.Build.0 = Debug|Win32
		{361D25A2-D365-332E-8F31-026DA0D32759}.Release|Win32.ActiveCfg = Release|Win32
		{361D25A2-D365-332E-8F31-026DA0D32759}.Release|Win32.Build.0 = Release|Win32
		{361D25A2-D365-332E-8F31-026DA0D32759}.MinSizeRel|Win32.ActiveCfg = MinSizeRel|Win32
		{361D25A2-D365-332E-8F31-026DA0D32759}.MinSizeRel|Win32.Build.0 = MinSizeRel|Win32
		{361D25A2-D365-332E-8F31-026DA0D32759}.RelWithDebInfo|Win32.ActiveCfg = RelWithDebInfo|Win32
		{361D25A2-D365-332E-8F31-026DA0D32759}.RelWithDebInfo|Win32.Build.0 = RelWithDebInfo|Win32
		{D5066B6D-FF8E-3773-A450-7A5EE44949D4}.Debug|Win32.ActiveCfg = Debug|Win32
		{D5066B6D-FF8E-3773-A450-7A5EE44949D4}.Debug|Win32.Build.0 = Debug|Win32
		{D5066B6D-FF8E-3773-A450-7A5EE44949D4}.Release|Win32.ActiveCfg = Release|Win32
		{D5066B6D-FF8E-3773-A450-7A5EE44949D4}.Release|Win32.Build.0 = Release|Win32
		{D5066B6D-FF8E-3773-A450-7A5EE44949D4}.MinSizeRel|Win32.ActiveCfg = MinSizeRel|Win32
		{D5066B6D-FF8E-3773-A450-7A5EE44949D4}.MinSizeRel|Win32.Build.0 = MinSizeRel|Win32
		{D5066B6D-FF8E-3773-A450-7A5EE44949D4}.RelWithDebInfo|Win32.ActiveCfg = RelWithDebInfo|Win32
		{D5066B6D-FF8E-3773-A450-7A5EE44949D4}.RelWithDebInfo|Win32.Build.0 = RelWithDebInfo|Win32
		{873EE910-8BCE-395A-876A-D3ADB1AE25C5}.Debug|Win32.ActiveCfg = Debug|Win32
		{873EE910-8BCE-395A-876A-D3ADB1AE25C5}.Debug|Win32.Build.0 = Debug|Win32
		{873EE910-8BCE-395A-876A-D3ADB1AE25C5}.Release|Win32.ActiveCfg = Release|Win32
		{873EE910-8BCE-395A-876A-D3ADB1AE25C5}.Release|Win32.Build.0 = Release|Win32
		{873EE910-8BCE-395A-876A-D3ADB1AE25C5}.MinSizeRel|Win32.ActiveCfg = MinSizeRel|Win32
		{873EE910-8BCE-395A-876A-D3ADB1AE25C5}.MinSizeRel|Win32.Build.0 = MinSizeRel|Win32
		{873EE910-8BCE-395A-876A-D3ADB1AE25C5}.RelWithDebInfo|Win32.ActiveCfg = RelWithDebInfo|Win32
		{873EE910-8BCE-395A-876A-D3ADB1AE25C5}.RelWithDebInfo|Win32.Build.0 = RelWithDebInfo|Win32
		{93518520-D690-3609-8EF7-D72ECD312BEF}.Debug|Win32.ActiveCfg = Debug|Win32
		{93518520-D690-3609-8EF7-D72ECD312BEF}.Debug|Win32.Build.0 = Debug|Win32
		{93518520-D690-3609-8EF7-D72ECD312BEF}.Release|Win32.ActiveCfg = Release|Win32
		{93518520-D690-3609-8EF7-D72ECD312BEF}.Release|Win32.Build.0 = Release|Win32
		{93518520-D690-3609-8EF7-D72ECD312BEF}.MinSizeRel|Win32.ActiveCfg = MinSizeRel|Win32
		{93518520-D690-3609-8EF7-D72ECD312BEF}.MinSizeRel|Win32.Build.0 = MinSizeRel|Win32
		{93518520-D690-3609-8EF7-D72ECD312BEF}.RelWithDebInfo|Win32.ActiveCfg = RelWithDebInfo|Win32
		{93518520-D690-3609-8EF7-D72ECD312BEF}.RelWithDebInfo|Win32.Build.0 = RelWithDebInfo|Win32
		{375D94DD-CD7A-3F08-AFF6-9632C1FC64AA}.Debug|Win32.ActiveCfg = Debug|Win32
		{375D94DD-CD7A-3F08-AFF6-9632C1FC64AA}.Debug|Win32.Build.0 = Debug|Win32
		{375D94DD-CD7A-3F08-AFF6-9632C1FC64AA}.Release|Win32.ActiveCfg = Release|Win32
		{375D94DD-CD7A-3F08-AFF6-9632C1FC64AA}.Release|Win32.Build.0 = Release|Win32
		{375D94DD-CD7A-3F08-AFF6-9632C1FC64AA}.MinSizeRel|Win32.ActiveCfg = MinSizeRel|Win32
		{375D94DD-CD7A-3F08-AFF6-9632C1FC64AA}.MinSizeRel|Win32.Build.0 = MinSizeRel|Win32
		{375D94DD-CD7A-3F08-AFF6-9632C1FC64AA}.RelWithDebInfo|Win32.ActiveCfg = RelWithDebInfo|Win32
		{375D94DD-CD7A-3F08-AFF6-9632C1FC64AA}.RelWithDebInfo|Win32.Build.0 = RelWithDebInfo|Win32
		{0FF1CE28-203F-3F1F-BC0B-A2E3FC262534}.Debug|Win32.ActiveCfg = Debug|Win32
		{0FF1CE28-203F-3F1F-BC0B-A2E3FC262534}.Debug|Win32.Build.0 = Debug|Win32
		{0FF1CE28-203F-3F1F-BC0B-A2E3FC262534}.Release|Win32.ActiveCfg = Release|Win32
		{0FF1CE28-203F-3F1F-BC0B-A2E3FC262534}.Release|Win32.Build.0 = Release|Win32
		{0FF1CE28-203F-3F1F-BC0B-A2E3FC262534}.MinSizeRel|Win32.ActiveCfg = MinSizeRel|Win32
		{0FF1CE28-203F-3F1F-BC0B-A2E3FC262534}.MinSizeRel|Win32.Build.0 = MinSizeRel|Win32
		{0FF1CE28-203F-3F1F-BC0B-A2E3FC262534}.RelWithDebInfo|Win32.ActiveCfg = RelWithDebInfo|Win32
		{0FF1CE28-203F-3F1F-BC0B-A2E3FC262534}.RelWithDebInfo|Win32.Build.0 = RelWithDebInfo|Win32
		{482DC662-168C-3F7B-8452-8934453A2D81}.Debug|Win32.ActiveCfg = Debug|Win32
		{482DC662-168C-3F7B-8452-8934453A2D81}.Debug|Win32.Build.0 = Debug|Win32
		{482DC662-168C-3F7B-8452-8934453A2D81}.Release|Win32.ActiveCfg = Release|Win32
		{482DC662-168C-3F7B-8452-8934453A2D81}.Release|Win32.Build.0 = Release|Win32
		{482DC662-168C-3F7B-8452-8934453A2D81}.MinSizeRel|Win32.ActiveCfg = MinSizeRel|Win32
		{482DC662-168C-3F7B-8452-8934453A2D81}.MinSizeRel|Win32.Build.0 = MinSizeRel|Win32
		{482DC662-168C-3F7B-8452-8934453A2D81}.RelWithDebInfo|Win32.ActiveCfg = RelWithDebInfo|Win32
		{482DC662-168C-3F7B-8452-8934453A2D81}.RelWithDebInfo|Win32.Build.0 = RelWithDebInfo|Win32
		{6DB04EBB-EE13-35B2-B7B2-E42D4FA9928D}.Debug|Win32.ActiveCfg = Debug|Win32
		{6DB04EBB-EE13-35B2-B7B2-E42D4FA9928D}.Debug|Win32.Build.0 = Debug|Win32
		{6DB04EBB-EE13-35B2-B7B2-E42D4FA9928D}.Release|Win32.ActiveCfg = Release|Win32
		{6DB04EBB-EE13-35B2-B7B2-E42D4FA9928D}.Release|Win32.Build.0 = Release|Win32
		{6DB04EBB-EE13-35B2-B7B2-E42D4FA9928D}.MinSizeRel|Win32.ActiveCfg = MinSizeRel|Win32
		{6DB04EBB-EE13-35B2-B7B2-E42D4FA9928D}.MinSizeRel|Win32.Build.0 = MinSizeRel|Win32
		{6DB04EBB-EE13-35B2-B7B2-E42D4FA9928D}.RelWithDebInfo|Win32.ActiveCfg = RelWithDebInfo|Win32
		{6DB04EBB-EE13-35B2-B7B2-E42D4FA9928D}.RelWithDebInfo|Win32.Build.0 = RelWithDebInfo|Win32
		{16E30CFF-A2A7-3110-B6E4-CA40A85E7608}.Debug|Win32.ActiveCfg = Debug|Win32
		{16E30CFF-A2A7-3110-B6E4-CA40A85E7608}.Debug|Win32.Build.0 = Debug|Win32
		{16E30CFF-A2A7-3110-B6E4-CA40A85E7608}.Release|Win32.ActiveCfg = Release|Win32
		{16E30CFF-A2A7-3110-B6E4-CA40A85E7608}.Release|Win32.Build.0 = Release|Win32
		{16E30CFF-A2A7-3110-B6E4-CA40A85E7608}.MinSizeRel|Win32.ActiveCfg = MinSizeRel|Win32
		{16E30CFF-A2A7-3110-B6E4-CA40A85E7608}.MinSizeRel|Win32.Build.0 = MinSizeRel|Win32
		{16E30CFF-A2A7-3110-B6E4-CA40A85E7608}.RelWithDebInfo|Win32.ActiveCfg = RelWithDebInfo|Win32
		{16E30CFF-A2A7-3110-B6E4-CA40A85E7608}.RelWithDebInfo|Win32.Build.0 = RelWithDebInfo|Win32
		{6D393995-5B0E-3E77-BF26-6307DD46B388}.Debug|Win32.ActiveCfg = Debug|Win32
		{6D393995-5B0E-3E77-BF26-6307DD46B388}.Debug|Win32.Build.0 = Debug|Win32
		{6D393995-5B0E-3E77-BF26-6307DD46B388}.Release|Win32.ActiveCfg = Release|Win32
		{6D393995-5B0E-3E77-BF26-6307DD46B388}.Release|Win32.Build.0 = Release|Win32
		{6D393995-5B0E-3E77-BF26-6307DD46B388}.MinSizeRel|Win32.ActiveCfg = MinSizeRel|Win32
		{6D393995-5B0E-3E77-BF26-6307DD46B388}.MinSizeRel|Win32.Build.0 = MinSizeRel|Win32
		{6D393995-5B0E-3E77-BF26-6307DD46B388}.RelWithDebInfo|Win32.ActiveCfg = RelWithDebInfo|Win32
		{6D393995-5B0E-3E77-BF26-6307DD46B388}.RelWithDebInfo|Win32.Build.0 = RelWithDebInfo|Win32
		{EED98D9C-3426-3752-BA5B-1F98D5DC7676}.Debug|Win32.ActiveCfg = Debug|Win32
		{EED98D9C-3426-3752-BA5B-1F98D5DC7676}.Debug|Win32.Build.0 = Debug|Win32
		{EED98D9C-3426-3752-BA5B-1F98D5DC7676}.Release|Win32.ActiveCfg = Release|Win32
		{EED98D9C-3426-3752-BA5B-1F98D5DC7676}.Release|Win32.Build.0 = Release|Win32
		{EED98D9C-3426-3752-BA5B-1F98D5DC7676}.MinSizeRel|Win32.ActiveCfg = MinSizeRel|Win32
		{EED98D9C-3426-3752-BA5B-1F98D5DC7676}.MinSizeRel|Win32.Build.0 = MinSizeRel|Win32
		{EED98D9C-3426-3752-BA5B-1F98D5DC7676}.RelWithDebInfo|Win32.ActiveCfg = RelWithDebInfo|Win32
		{EED98D9C-3426-3752-BA5B-1F98D5DC7676}.RelWithDebInfo|Win32.Build.0 = RelWithDebInfo|Win32
		{EEC53E12-DF81-32EE-849C-5DF8FA02F936}.Debug|Win32.ActiveCfg = Debug|Win32
		{EEC53E12-DF81-32EE-849C-5DF8FA02F936}.Debug|Win32.Build.0 = Debug|Win32
		{EEC53E12-DF81-32EE-849C-5DF8FA02F936}.Release|Win32.ActiveCfg = Release|Win32
		{EEC53E12-DF81-32EE-849C-5DF8FA02F936}.Release|Win32.Build.0 = Release|Win32
		{EEC53E12-DF81-32EE-849C-5DF8FA02F936}.MinSizeRel|Win32.ActiveCfg = MinSizeRel|Win32
		{EEC53E12-DF81-32EE-849C-5DF8FA02F936}.MinSizeRel|Win32.Build.0 = MinSizeRel|Win32
		{EEC53E12-DF81-32EE-849C-5DF8FA02F936}.RelWithDebInfo|Win32.ActiveCfg = RelWithDebInfo|Win32
		{EEC53E12-DF81-32EE-849C-5DF8FA02F936}.RelWithDebInfo|Win32.Build.0 = RelWithDebInfo|Win32
		{4308570A-EBF8-38CE-82A7-7B1EC142A489}.Debug|Win32.ActiveCfg = Debug|Win32
		{4308570A-EBF8-38CE-82A7-7B1EC142A489}.Debug|Win32.Build.0 = Debug|Win32
		{4308570A-EBF8-38CE-82A7-7B1EC142A489}.Release|Win32.ActiveCfg = Release|Win32
		{4308570A-EBF8-38CE-82A7-7B1EC142A489}.Release|Win32.Build.0 = Release|Win32
		{4308570A-EBF8-38CE-82A7-7B1EC142A489}.MinSizeRel|Win32.ActiveCfg = MinSizeRel|Win32
		{4308570A-EBF8-38CE-82A7-7B1EC142A489}.MinSizeRel|Win32.Build.0 = MinSizeRel|Win32
		{4308570A-EBF8-38CE-82A7-7B1EC142A489}.RelWithDebInfo|Win32.ActiveCfg = RelWithDebInfo|Win32
		{4308570A-EBF8-38CE-82A7-7B1EC142A489}.RelWithDebInfo|Win32.Build.0 = RelWithDebInfo|Win32
		{FDA36908-7743-36D1-A1D1-87ECC271AB7F}.Debug|Win32.ActiveCfg = Debug|Win32
		{FDA36908-7743-36D1-A1D1-87ECC271AB7F}.Debug|Win32.Build.0 = Debug|Win32
		{FDA36908-7743-36D1-A1D1-87ECC271AB7F}.Release|Win32.ActiveCfg = Release|Win32
		{FDA36908-7743-36D1-A1D1-87ECC271AB7F}.Release|Win32.Build.0 = Release|Win32
		{FDA36908-7743-36D1-A1D1-87ECC271AB7F}.MinSizeRel|Win32.ActiveCfg = MinSizeRel|Win32
		{FDA36908-7743-36D1-A1D1-87ECC271AB7F}.MinSizeRel|Win32.Build.0 = MinSizeRel|Win32
		{FDA36908-7743-36D1-A1D1-87ECC271AB7F}.RelWithDebInfo|Win32.ActiveCfg = RelWithDebInfo|Win32
		{FDA36908-7743-36D1-A1D1-87ECC271AB7F}.RelWithDebInfo|Win32.Build.0 = RelWithDebInfo|Win32
		{DE0898BA-88F5-31B6-A756-58535D217BF1}.Debug|Win32.ActiveCfg = Debug|Win32
		{DE0898BA-88F5-31B6-A756-58535D217BF1}.Debug|Win32.Build.0 = Debug|Win32
		{DE0898BA-88F5-31B6-A756-58535D217BF1}.Release|Win32.ActiveCfg = Release|Win32
		{DE0898BA-88F5-31B6-A756-58535D217BF1}.Release|Win32.Build.0 = Release|Win32
		{DE0898BA-88F5-31B6-A756-58535D217BF1}.MinSizeRel|Win32.ActiveCfg = MinSizeRel|Win32
		{DE0898BA-88F5-31B6-A756-58535D217BF1}.MinSizeRel|Win32.Build.0 = MinSizeRel|Win32
		{DE0898BA-88F5-31B6-A756-58535D217BF1}.RelWithDebInfo|Win32.ActiveCfg = RelWithDebInfo|Win32
		{DE0898BA-88F5-31B6-A756-58535D217BF1}.RelWithDebInfo|Win32.Build.0 = RelWithDebInfo|Win32
		{DDDFC358-6460-3930-841D-B3C27E570435}.Debug|Win32.ActiveCfg = Debug|Win32
		{DDDFC358-6460-3930-841D-B3C27E570435}.Debug|Win32.Build.0 = Debug|Win32
		{DDDFC358-6460-3930-841D-B3C27E570435}.Release|Win32.ActiveCfg = Release|Win32
		{DDDFC358-6460-3930-841D-B3C27E570435}.Release|Win32.Build.0 = Release|Win32
		{DDDFC358-6460-3930-841D-B3C27E570435}.MinSizeRel|Win32.ActiveCfg = MinSizeRel|Win32
		{DDDFC358-6460-3930-841D-B3C27E570435}.MinSizeRel|Win32.Build.0 = MinSizeRel|Win32
		{DDDFC358-6460-3930-841D-B3C27E570435}.RelWithDebInfo|Win32.ActiveCfg = RelWithDebInfo|Win32
		{DDDFC358-6460-3930-841D-B3C27E570435}.RelWithDebInfo|Win32.Build.0 = RelWithDebInfo|Win32
		{840D6045-0C46-3742-8786-A4049826E70A}.Debug|Win32.ActiveCfg = Debug|Win32
		{840D6045-0C46-3742-8786-A4049826E70A}.Debug|Win32.Build.0 = Debug|Win32
		{840D6045-0C46-3742-8786-A4049826E70A}.Release|Win32.ActiveCfg = Release|Win32
		{840D6045-0C46-3742-8786-A4049826E70A}.Release|Win32.Build.0 = Release|Win32
		{840D6045-0C46-3742-8786-A4049826E70A}.MinSizeRel|Win32.ActiveCfg = MinSizeRel|Win32
		{840D6045-0C46-3742-8786-A4049826E70A}.MinSizeRel|Win32.Build.0 = MinSizeRel|Win32
		{840D6045-0C46-3742-8786-A4049826E70A}.RelWithDebInfo|Win32.ActiveCfg = RelWithDebInfo|Win32
		{840D6045-0C46-3742-8786-A4049826E70A}.RelWithDebInfo|Win32.Build.0 = RelWithDebInfo|Win32
		{9D0EFF84-F9DE-367E-B24A-8052CF10A841}.Debug|Win32.ActiveCfg = Debug|Win32
		{9D0EFF84-F9DE-367E-B24A-8052CF10A841}.Debug|Win32.Build.0 = Debug|Win32
		{9D0EFF84-F9DE-367E-B24A-8052CF10A841}.Release|Win32.ActiveCfg = Release|Win32
		{9D0EFF84-F9DE-367E-B24A-8052CF10A841}.Release|Win32.Build.0 = Release|Win32
		{9D0EFF84-F9DE-367E-B24A-8052CF10A841}.MinSizeRel|Win32.ActiveCfg = MinSizeRel|Win32
		{9D0EFF84-F9DE-367E-B24A-8052CF10A841}.MinSizeRel|Win32.Build.0 = MinSizeRel|Win32
		{9D0EFF84-F9DE-367E-B24A-8052CF10A841}.RelWithDebInfo|Win32.ActiveCfg = RelWithDebInfo|Win32
		{9D0EFF84-F9DE-367E-B24A-8052CF10A841}.RelWithDebInfo|Win32.Build.0 = RelWithDebInfo|Win32
		{5F3BF379-CAAC-30E5-B9F7-FCADF9F78209}.Debug|Win32.ActiveCfg = Debug|Win32
		{5F3BF379-CAAC-30E5-B9F7-FCADF9F78209}.Debug|Win32.Build.0 = Debug|Win32
		{5F3BF379-CAAC-30E5-B9F7-FCADF9F78209}.Release|Win32.ActiveCfg = Release|Win32
		{5F3BF379-CAAC-30E5-B9F7-FCADF9F78209}.Release|Win32.Build.0 = Release|Win32
		{5F3BF379-CAAC-30E5-B9F7-FCADF9F78209}.MinSizeRel|Win32.ActiveCfg = MinSizeRel|Win32
		{5F3BF379-CAAC-30E5-B9F7-FCADF9F78209}.MinSizeRel|Win32.Build.0 = MinSizeRel|Win32
		{5F3BF379-CAAC-30E5-B9F7-FCADF9F78209}.RelWithDebInfo|Win32.ActiveCfg = RelWithDebInfo|Win32
		{5F3BF379-CAAC-30E5-B9F7-FCADF9F78209}.RelWithDebInfo|Win32.Build.0 = RelWithDebInfo|Win32
		{24F67D03-2C99-3C33-BC66-C4C736B7DFB2}.Debug|Win32.ActiveCfg = Debug|Win32
		{24F67D03-2C99-3C33-BC66-C4C736B7DFB2}.Debug|Win32.Build.0 = Debug|Win32
		{24F67D03-2C99-3C33-BC66-C4C736B7DFB2}.Release|Win32.ActiveCfg = Release|Win32
		{24F67D03-2C99-3C33-BC66-C4C736B7DFB2}.Release|Win32.Build.0 = Release|Win32
		{24F67D03-2C99-3C33-BC66-C4C736B7DFB2}.MinSizeRel|Win32.ActiveCfg = MinSizeRel|Win32
		{24F67D03-2C99-3C33-BC66-C4C736B7DFB2}.MinSizeRel|Win32.Build.0 = MinSizeRel|Win32
		{24F67D03-2C99-3C33-BC66-C4C736B7DFB2}.RelWithDebInfo|Win32.ActiveCfg = RelWithDebInfo|Win32
		{24F67D03-2C99-3C33-BC66-C4C736B7DFB2}.RelWithDebInfo|Win32.Build.0 = RelWithDebInfo|Win32
		{0CEBA14F-4B86-3173-86BA-BD4314A82642}.Debug|Win32.ActiveCfg = Debug|Win32
		{0CEBA14F-4B86-3173-86BA-BD4314A82642}.Debug|Win32.Build.0 = Debug|Win32
		{0CEBA14F-4B86-3173-86BA-BD4314A82642}.Release|Win32.ActiveCfg = Release|Win32
		{0CEBA14F-4B86-3173-86BA-BD4314A82642}.Release|Win32.Build.0 = Release|Win32
		{0CEBA14F-4B86-3173-86BA-BD4314A82642}.MinSizeRel|Win32.ActiveCfg = MinSizeRel|Win32
		{0CEBA14F-4B86-3173-86BA-BD4314A82642}.MinSizeRel|Win32.Build.0 = MinSizeRel|Win32
		{0CEBA14F-4B86-3173-86BA-BD4314A82642}.RelWithDebInfo|Win32.ActiveCfg = RelWithDebInfo|Win32
		{0CEBA14F-4B86-3173-86BA-BD4314A82642}.RelWithDebInfo|Win32.Build.0 = RelWithDebInfo|Win32
		{9267EF4F-96F9-3438-81B1-757EE10B98DD}.Debug|Win32.ActiveCfg = Debug|Win32
		{9267EF4F-96F9-3438-81B1-757EE10B98DD}.Debug|Win32.Build.0 = Debug|Win32
		{9267EF4F-96F9-3438-81B1-757EE10B98DD}.Release|Win32.ActiveCfg = Release|Win32
		{9267EF4F-96F9-3438-81B1-757EE10B98DD}.Release|Win32.Build.0 = Release|Win32
		{9267EF4F-96F9-3438-81B1-757EE10B98DD}.MinSizeRel|Win32.ActiveCfg = MinSizeRel|Win32
		{9267EF4F-96F9-3438-81B1-757EE10B98DD}.MinSizeRel|Win32.Build.0 = MinSizeRel|Win32
		{9267EF4F-96F9-3438-81B1-757EE10B98DD}.RelWithDebInfo|Win32.ActiveCfg = RelWithDebInfo|Win32
		{9267EF4F-96F9-3438-81B1-757EE10B98DD}.RelWithDebInfo|Win32.Build.0 = RelWithDebInfo|Win32
		{04645F0D-E59B-36A6-A38D-FCC4171F545A}.Debug|Win32.ActiveCfg = Debug|Win32
		{04645F0D-E59B-36A6-A38D-FCC4171F545A}.Debug|Win32.Build.0 = Debug|Win32
		{04645F0D-E59B-36A6-A38D-FCC4171F545A}.Release|Win32.ActiveCfg = Release|Win32
		{04645F0D-E59B-36A6-A38D-FCC4171F545A}.Release|Win32.Build.0 = Release|Win32
		{04645F0D-E59B-36A6-A38D-FCC4171F545A}.MinSizeRel|Win32.ActiveCfg = MinSizeRel|Win32
		{04645F0D-E59B-36A6-A38D-FCC4171F545A}.MinSizeRel|Win32.Build.0 = MinSizeRel|Win32
		{04645F0D-E59B-36A6-A38D-FCC4171F545A}.RelWithDebInfo|Win32.ActiveCfg = RelWithDebInfo|Win32
		{04645F0D-E59B-36A6-A38D-FCC4171F545A}.RelWithDebInfo|Win32.Build.0 = RelWithDebInfo|Win32
		{42F79CAE-6FF9-320A-BF3F-A8CA5F893B8F}.Debug|Win32.ActiveCfg = Debug|Win32
		{42F79CAE-6FF9-320A-BF3F-A8CA5F893B8F}.Debug|Win32.Build.0 = Debug|Win32
		{42F79CAE-6FF9-320A-BF3F-A8CA5F893B8F}.Release|Win32.ActiveCfg = Release|Win32
		{42F79CAE-6FF9-320A-BF3F-A8CA5F893B8F}.Release|Win32.Build.0 = Release|Win32
		{42F79CAE-6FF9-320A-BF3F-A8CA5F893B8F}.MinSizeRel|Win32.ActiveCfg = MinSizeRel|Win32
		{42F79CAE-6FF9-320A-BF3F-A8CA5F893B8F}.MinSizeRel|Win32.Build.0 = MinSizeRel|Win32
		{42F79CAE-6FF9-320A-BF3F-A8CA5F893B8F}.RelWithDebInfo|Win32.ActiveCfg = RelWithDebInfo|Win32
		{42F79CAE-6FF9-320A-BF3F-A8CA5F893B8F}.RelWithDebInfo|Win32.Build.0 = RelWithDebInfo|Win32
		{FE8B27EE-DA61-36B1-8FCB-C4EDDB9061B4}.Debug|Win32.ActiveCfg = Debug|Win32
		{FE8B27EE-DA61-36B1-8FCB-C4EDDB9061B4}.Debug|Win32.Build.0 = Debug|Win32
		{FE8B27EE-DA61-36B1-8FCB-C4EDDB9061B4}.Release|Win32.ActiveCfg = Release|Win32
		{FE8B27EE-DA61-36B1-8FCB-C4EDDB9061B4}.Release|Win32.Build.0 = Release|Win32
		{FE8B27EE-DA61-36B1-8FCB-C4EDDB9061B4}.MinSizeRel|Win32.ActiveCfg = MinSizeRel|Win32
		{FE8B27EE-DA61-36B1-8FCB-C4EDDB9061B4}.MinSizeRel|Win32.Build.0 = MinSizeRel|Win32
		{FE8B27EE-DA61-36B1-8FCB-C4EDDB9061B4}.RelWithDebInfo|Win32.ActiveCfg = RelWithDebInfo|Win32
		{FE8B27EE-DA61-36B1-8FCB-C4EDDB9061B4}.RelWithDebInfo|Win32.Build.0 = RelWithDebInfo|Win32
		{E3265EAF-E487-3F1B-8D7D-B6F0770DA339}.Debug|Win32.ActiveCfg = Debug|Win32
		{E3265EAF-E487-3F1B-8D7D-B6F0770DA339}.Debug|Win32.Build.0 = Debug|Win32
		{E3265EAF-E487-3F1B-8D7D-B6F0770DA339}.Release|Win32.ActiveCfg = Release|Win32
		{E3265EAF-E487-3F1B-8D7D-B6F0770DA339}.Release|Win32.Build.0 = Release|Win32
		{E3265EAF-E487-3F1B-8D7D-B6F0770DA339}.MinSizeRel|Win32.ActiveCfg = MinSizeRel|Win32
		{E3265EAF-E487-3F1B-8D7D-B6F0770DA339}.MinSizeRel|Win32.Build.0 = MinSizeRel|Win32
		{E3265EAF-E487-3F1B-8D7D-B6F0770DA339}.RelWithDebInfo|Win32.ActiveCfg = RelWithDebInfo|Win32
		{E3265EAF-E487-3F1B-8D7D-B6F0770DA339}.RelWithDebInfo|Win32.Build.0 = RelWithDebInfo|Win32
		{F9070415-243A-3A63-AF21-C39CB0F8179B}.Debug|Win32.ActiveCfg = Debug|Win32
		{F9070415-243A-3A63-AF21-C39CB0F8179B}.Debug|Win32.Build.0 = Debug|Win32
		{F9070415-243A-3A63-AF21-C39CB0F8179B}.Release|Win32.ActiveCfg = Release|Win32
		{F9070415-243A-3A63-AF21-C39CB0F8179B}.Release|Win32.Build.0 = Release|Win32
		{F9070415-243A-3A63-AF21-C39CB0F8179B}.MinSizeRel|Win32.ActiveCfg = MinSizeRel|Win32
		{F9070415-243A-3A63-AF21-C39CB0F8179B}.MinSizeRel|Win32.Build.0 = MinSizeRel|Win32
		{F9070415-243A-3A63-AF21-C39CB0F8179B}.RelWithDebInfo|Win32.ActiveCfg = RelWithDebInfo|Win32
		{F9070415-243A-3A63-AF21-C39CB0F8179B}.RelWithDebInfo|Win32.Build.0 = RelWithDebInfo|Win32
		{A731B812-B05B-32C4-84B4-43A6A1D74DD9}.Debug|Win32.ActiveCfg = Debug|Win32
		{A731B812-B05B-32C4-84B4-43A6A1D74DD9}.Debug|Win32.Build.0 = Debug|Win32
		{A731B812-B05B-32C4-84B4-43A6A1D74DD9}.Release|Win32.ActiveCfg = Release|Win32
		{A731B812-B05B-32C4-84B4-43A6A1D74DD9}.Release|Win32.Build.0 = Release|Win32
		{A731B812-B05B-32C4-84B4-43A6A1D74DD9}.MinSizeRel|Win32.ActiveCfg = MinSizeRel|Win32
		{A731B812-B05B-32C4-84B4-43A6A1D74DD9}.MinSizeRel|Win32.Build.0 = MinSizeRel|Win32
		{A731B812-B05B-32C4-84B4-43A6A1D74DD9}.RelWithDebInfo|Win32.ActiveCfg = RelWithDebInfo|Win32
		{A731B812-B05B-32C4-84B4-43A6A1D74DD9}.RelWithDebInfo|Win32.Build.0 = RelWithDebInfo|Win32
		{7E6462DA-58DD-342B-85AD-E43D05FD2651}.Debug|Win32.ActiveCfg = Debug|Win32
		{7E6462DA-58DD-342B-85AD-E43D05FD2651}.Debug|Win32.Build.0 = Debug|Win32
		{7E6462DA-58DD-342B-85AD-E43D05FD2651}.Release|Win32.ActiveCfg = Release|Win32
		{7E6462DA-58DD-342B-85AD-E43D05FD2651}.Release|Win32.Build.0 = Release|Win32
		{7E6462DA-58DD-342B-85AD-E43D05FD2651}.MinSizeRel|Win32.ActiveCfg = MinSizeRel|Win32
		{7E6462DA-58DD-342B-85AD-E43D05FD2651}.MinSizeRel|Win32.Build.0 = MinSizeRel|Win32
		{7E6462DA-58DD-342B-85AD-E43D05FD2651}.RelWithDebInfo|Win32.ActiveCfg = RelWithDebInfo|Win32
		{7E6462DA-58DD-342B-85AD-E43D05FD2651}.RelWithDebInfo|Win32.Build.0 = RelWithDebInfo|Win32
		{35586F1B-ED17-3D30-9AA1-6A32DAE4489F}.Debug|Win32.ActiveCfg = Debug|Win32
		{35586F1B-ED17-3D30-9AA1-6A32DAE4489F}.Debug|Win32.Build.0 = Debug|Win32
		{35586F1B-ED17-3D30-9AA1-6A32DAE4489F}.Release|Win32.ActiveCfg = Release|Win32
		{35586F1B-ED17-3D30-9AA1-6A32DAE4489F}.Release|Win32.Build.0 = Release|Win32
		{35586F1B-ED17-3D30-9AA1-6A32DAE4489F}.MinSizeRel|Win32.ActiveCfg = MinSizeRel|Win32
		{35586F1B-ED17-3D30-9AA1-6A32DAE4489F}.MinSizeRel|Win32.Build.0 = MinSizeRel|Win32
		{35586F1B-ED17-3D30-9AA1-6A32DAE4489F}.RelWithDebInfo|Win32.ActiveCfg = RelWithDebInfo|Win32
		{35586F1B-ED17-3D30-9AA1-6A32DAE4489F}.RelWithDebInfo|Win32.Build.0 = RelWithDebInfo|Win32
		{2F2930DA-92CC-3C8F-BFC9-C5FF4D0A8026}.Debug|Win32.ActiveCfg = Debug|Win32
		{2F2930DA-92CC-3C8F-BFC9-C5FF4D0A8026}.Debug|Win32.Build.0 = Debug|Win32
		{2F2930DA-92CC-3C8F-BFC9-C5FF4D0A8026}.Release|Win32.ActiveCfg = Release|Win32
		{2F2930DA-92CC-3C8F-BFC9-C5FF4D0A8026}.Release|Win32.Build.0 = Release|Win32
		{2F2930DA-92CC-3C8F-BFC9-C5FF4D0A8026}.MinSizeRel|Win32.ActiveCfg = MinSizeRel|Win32
		{2F2930DA-92CC-3C8F-BFC9-C5FF4D0A8026}.MinSizeRel|Win32.Build.0 = MinSizeRel|Win32
		{2F2930DA-92CC-3C8F-BFC9-C5FF4D0A8026}.RelWithDebInfo|Win32.ActiveCfg = RelWithDebInfo|Win32
		{2F2930DA-92CC-3C8F-BFC9-C5FF4D0A8026}.RelWithDebInfo|Win32.Build.0 = RelWithDebInfo|Win32
		{11E4D982-E7BD-3FC7-9B83-557E897E3B43}.Debug|Win32.ActiveCfg = Debug|Win32
		{11E4D982-E7BD-3FC7-9B83-557E897E3B43}.Debug|Win32.Build.0 = Debug|Win32
		{11E4D982-E7BD-3FC7-9B83-557E897E3B43}.Release|Win32.ActiveCfg = Release|Win32
		{11E4D982-E7BD-3FC7-9B83-557E897E3B43}.Release|Win32.Build.0 = Release|Win32
		{11E4D982-E7BD-3FC7-9B83-557E897E3B43}.MinSizeRel|Win32.ActiveCfg = MinSizeRel|Win32
		{11E4D982-E7BD-3FC7-9B83-557E897E3B43}.MinSizeRel|Win32.Build.0 = MinSizeRel|Win32
		{11E4D982-E7BD-3FC7-9B83-557E897E3B43}.RelWithDebInfo|Win32.ActiveCfg = RelWithDebInfo|Win32
		{11E4D982-E7BD-3FC7-9B83-557E897E3B43}.RelWithDebInfo|Win32.Build.0 = RelWithDebInfo|Win32
		{1B2844CC-A931-3EE7-A73F-FB80E5B641B3}.Debug|Win32.ActiveCfg = Debug|Win32
		{1B2844CC-A931-3EE7-A73F-FB80E5B641B3}.Debug|Win32.Build.0 = Debug|Win32
		{1B2844CC-A931-3EE7-A73F-FB80E5B641B3}.Release|Win32.ActiveCfg = Release|Win32
		{1B2844CC-A931-3EE7-A73F-FB80E5B641B3}.Release|Win32.Build.0 = Release|Win32
		{1B2844CC-A931-3EE7-A73F-FB80E5B641B3}.MinSizeRel|Win32.ActiveCfg = MinSizeRel|Win32
		{1B2844CC-A931-3EE7-A73F-FB80E5B641B3}.MinSizeRel|Win32.Build.0 = MinSizeRel|Win32
		{1B2844CC-A931-3EE7-A73F-FB80E5B641B3}.RelWithDebInfo|Win32.ActiveCfg = RelWithDebInfo|Win32
		{1B2844CC-A931-3EE7-A73F-FB80E5B641B3}.RelWithDebInfo|Win32.Build.0 = RelWithDebInfo|Win32
		{061D2D4D-935D-36EE-8286-F3445104A022}.Debug|Win32.ActiveCfg = Debug|Win32
		{061D2D4D-935D-36EE-8286-F3445104A022}.Debug|Win32.Build.0 = Debug|Win32
		{061D2D4D-935D-36EE-8286-F3445104A022}.Release|Win32.ActiveCfg = Release|Win32
		{061D2D4D-935D-36EE-8286-F3445104A022}.Release|Win32.Build.0 = Release|Win32
		{061D2D4D-935D-36EE-8286-F3445104A022}.MinSizeRel|Win32.ActiveCfg = MinSizeRel|Win32
		{061D2D4D-935D-36EE-8286-F3445104A022}.MinSizeRel|Win32.Build.0 = MinSizeRel|Win32
		{061D2D4D-935D-36EE-8286-F3445104A022}.RelWithDebInfo|Win32.ActiveCfg = RelWithDebInfo|Win32
		{061D2D4D-935D-36EE-8286-F3445104A022}.RelWithDebInfo|Win32.Build.0 = RelWithDebInfo|Win32
		{F308E87B-76B8-371B-A306-B62CB3F00B35}.Debug|Win32.ActiveCfg = Debug|Win32
		{F308E87B-76B8-371B-A306-B62CB3F00B35}.Debug|Win32.Build.0 = Debug|Win32
		{F308E87B-76B8-371B-A306-B62CB3F00B35}.Release|Win32.ActiveCfg = Release|Win32
		{F308E87B-76B8-371B-A306-B62CB3F00B35}.Release|Win32.Build.0 = Release|Win32
		{F308E87B-76B8-371B-A306-B62CB3F00B35}.MinSizeRel|Win32.ActiveCfg = MinSizeRel|Win32
		{F308E87B-76B8-371B-A306-B62CB3F00B35}.MinSizeRel|Win32.Build.0 = MinSizeRel|Win32
		{F308E87B-76B8-371B-A306-B62CB3F00B35}.RelWithDebInfo|Win32.ActiveCfg = RelWithDebInfo|Win32
		{F308E87B-76B8-371B-A306-B62CB3F00B35}.RelWithDebInfo|Win32.Build.0 = RelWithDebInfo|Win32
		{0A96F20D-C40B-3D5C-BC44-E37274FB5ED1}.Debug|Win32.ActiveCfg = Debug|Win32
		{0A96F20D-C40B-3D5C-BC44-E37274FB5ED1}.Debug|Win32.Build.0 = Debug|Win32
		{0A96F20D-C40B-3D5C-BC44-E37274FB5ED1}.Release|Win32.ActiveCfg = Release|Win32
		{0A96F20D-C40B-3D5C-BC44-E37274FB5ED1}.Release|Win32.Build.0 = Release|Win32
		{0A96F20D-C40B-3D5C-BC44-E37274FB5ED1}.MinSizeRel|Win32.ActiveCfg = MinSizeRel|Win32
		{0A96F20D-C40B-3D5C-BC44-E37274FB5ED1}.MinSizeRel|Win32.Build.0 = MinSizeRel|Win32
		{0A96F20D-C40B-3D5C-BC44-E37274FB5ED1}.RelWithDebInfo|Win32.ActiveCfg = RelWithDebInfo|Win32
		{0A96F20D-C40B-3D5C-BC44-E37274FB5ED1}.RelWithDebInfo|Win32.Build.0 = RelWithDebInfo|Win32
		{177A98DA-83EA-3D80-A666-A8CBA4E5C934}.Debug|Win32.ActiveCfg = Debug|Win32
		{177A98DA-83EA-3D80-A666-A8CBA4E5C934}.Debug|Win32.Build.0 = Debug|Win32
		{177A98DA-83EA-3D80-A666-A8CBA4E5C934}.Release|Win32.ActiveCfg = Release|Win32
		{177A98DA-83EA-3D80-A666-A8CBA4E5C934}.Release|Win32.Build.0 = Release|Win32
		{177A98DA-83EA-3D80-A666-A8CBA4E5C934}.MinSizeRel|Win32.ActiveCfg = MinSizeRel|Win32
		{177A98DA-83EA-3D80-A666-A8CBA4E5C934}.MinSizeRel|Win32.Build.0 = MinSizeRel|Win32
		{177A98DA-83EA-3D80-A666-A8CBA4E5C934}.RelWithDebInfo|Win32.ActiveCfg = RelWithDebInfo|Win32
		{177A98DA-83EA-3D80-A666-A8CBA4E5C934}.RelWithDebInfo|Win32.Build.0 = RelWithDebInfo|Win32
		{D6220EFB-0295-35C7-8457-627154913190}.Debug|Win32.ActiveCfg = Debug|Win32
		{D6220EFB-0295-35C7-8457-627154913190}.Debug|Win32.Build.0 = Debug|Win32
		{D6220EFB-0295-35C7-8457-627154913190}.Release|Win32.ActiveCfg = Release|Win32
		{D6220EFB-0295-35C7-8457-627154913190}.Release|Win32.Build.0 = Release|Win32
		{D6220EFB-0295-35C7-8457-627154913190}.MinSizeRel|Win32.ActiveCfg = MinSizeRel|Win32
		{D6220EFB-0295-35C7-8457-627154913190}.MinSizeRel|Win32.Build.0 = MinSizeRel|Win32
		{D6220EFB-0295-35C7-8457-627154913190}.RelWithDebInfo|Win32.ActiveCfg = RelWithDebInfo|Win32
		{D6220EFB-0295-35C7-8457-627154913190}.RelWithDebInfo|Win32.Build.0 = RelWithDebInfo|Win32
		{988D3829-91BF-3B4E-899D-7CBD5251DD5B}.Debug|Win32.ActiveCfg = Debug|Win32
		{988D3829-91BF-3B4E-899D-7CBD5251DD5B}.Debug|Win32.Build.0 = Debug|Win32
		{988D3829-91BF-3B4E-899D-7CBD5251DD5B}.Release|Win32.ActiveCfg = Release|Win32
		{988D3829-91BF-3B4E-899D-7CBD5251DD5B}.Release|Win32.Build.0 = Release|Win32
		{988D3829-91BF-3B4E-899D-7CBD5251DD5B}.MinSizeRel|Win32.ActiveCfg = MinSizeRel|Win32
		{988D3829-91BF-3B4E-899D-7CBD5251DD5B}.MinSizeRel|Win32.Build.0 = MinSizeRel|Win32
		{988D3829-91BF-3B4E-899D-7CBD5251DD5B}.RelWithDebInfo|Win32.ActiveCfg = RelWithDebInfo|Win32
		{988D3829-91BF-3B4E-899D-7CBD5251DD5B}.RelWithDebInfo|Win32.Build.0 = RelWithDebInfo|Win32
		{1CE82701-7B72-3546-94B5-B01FB753003D}.Debug|Win32.ActiveCfg = Debug|Win32
		{1CE82701-7B72-3546-94B5-B01FB753003D}.Debug|Win32.Build.0 = Debug|Win32
		{1CE82701-7B72-3546-94B5-B01FB753003D}.Release|Win32.ActiveCfg = Release|Win32
		{1CE82701-7B72-3546-94B5-B01FB753003D}.Release|Win32.Build.0 = Release|Win32
		{1CE82701-7B72-3546-94B5-B01FB753003D}.MinSizeRel|Win32.ActiveCfg = MinSizeRel|Win32
		{1CE82701-7B72-3546-94B5-B01FB753003D}.MinSizeRel|Win32.Build.0 = MinSizeRel|Win32
		{1CE82701-7B72-3546-94B5-B01FB753003D}.RelWithDebInfo|Win32.ActiveCfg = RelWithDebInfo|Win32
		{1CE82701-7B72-3546-94B5-B01FB753003D}.RelWithDebInfo|Win32.Build.0 = RelWithDebInfo|Win32
		{80DD1562-8146-322F-9B53-6FEEDFB6D6CF}.Debug|Win32.ActiveCfg = Debug|Win32
		{80DD1562-8146-322F-9B53-6FEEDFB6D6CF}.Debug|Win32.Build.0 = Debug|Win32
		{80DD1562-8146-322F-9B53-6FEEDFB6D6CF}.Release|Win32.ActiveCfg = Release|Win32
		{80DD1562-8146-322F-9B53-6FEEDFB6D6CF}.Release|Win32.Build.0 = Release|Win32
		{80DD1562-8146-322F-9B53-6FEEDFB6D6CF}.MinSizeRel|Win32.ActiveCfg = MinSizeRel|Win32
		{80DD1562-8146-322F-9B53-6FEEDFB6D6CF}.MinSizeRel|Win32.Build.0 = MinSizeRel|Win32
		{80DD1562-8146-322F-9B53-6FEEDFB6D6CF}.RelWithDebInfo|Win32.ActiveCfg = RelWithDebInfo|Win32
		{80DD1562-8146-322F-9B53-6FEEDFB6D6CF}.RelWithDebInfo|Win32.Build.0 = RelWithDebInfo|Win32
		{7C0E7106-0C6F-3896-9806-29F5F4DD7C01}.Debug|Win32.ActiveCfg = Debug|Win32
		{7C0E7106-0C6F-3896-9806-29F5F4DD7C01}.Debug|Win32.Build.0 = Debug|Win32
		{7C0E7106-0C6F-3896-9806-29F5F4DD7C01}.Release|Win32.ActiveCfg = Release|Win32
		{7C0E7106-0C6F-3896-9806-29F5F4DD7C01}.Release|Win32.Build.0 = Release|Win32
		{7C0E7106-0C6F-3896-9806-29F5F4DD7C01}.MinSizeRel|Win32.ActiveCfg = MinSizeRel|Win32
		{7C0E7106-0C6F-3896-9806-29F5F4DD7C01}.MinSizeRel|Win32.Build.0 = MinSizeRel|Win32
		{7C0E7106-0C6F-3896-9806-29F5F4DD7C01}.RelWithDebInfo|Win32.ActiveCfg = RelWithDebInfo|Win32
		{7C0E7106-0C6F-3896-9806-29F5F4DD7C01}.RelWithDebInfo|Win32.Build.0 = RelWithDebInfo|Win32
		{A0F3CC3C-5650-35F3-9A33-857ED31ABFE7}.Debug|Win32.ActiveCfg = Debug|Win32
		{A0F3CC3C-5650-35F3-9A33-857ED31ABFE7}.Debug|Win32.Build.0 = Debug|Win32
		{A0F3CC3C-5650-35F3-9A33-857ED31ABFE7}.Release|Win32.ActiveCfg = Release|Win32
		{A0F3CC3C-5650-35F3-9A33-857ED31ABFE7}.Release|Win32.Build.0 = Release|Win32
		{A0F3CC3C-5650-35F3-9A33-857ED31ABFE7}.MinSizeRel|Win32.ActiveCfg = MinSizeRel|Win32
		{A0F3CC3C-5650-35F3-9A33-857ED31ABFE7}.MinSizeRel|Win32.Build.0 = MinSizeRel|Win32
		{A0F3CC3C-5650-35F3-9A33-857ED31ABFE7}.RelWithDebInfo|Win32.ActiveCfg = RelWithDebInfo|Win32
		{A0F3CC3C-5650-35F3-9A33-857ED31ABFE7}.RelWithDebInfo|Win32.Build.0 = RelWithDebInfo|Win32
		{3D4451E9-5A96-3AEE-8B21-DCD12927A671}.Debug|Win32.ActiveCfg = Debug|Win32
		{3D4451E9-5A96-3AEE-8B21-DCD12927A671}.Debug|Win32.Build.0 = Debug|Win32
		{3D4451E9-5A96-3AEE-8B21-DCD12927A671}.Release|Win32.ActiveCfg = Release|Win32
		{3D4451E9-5A96-3AEE-8B21-DCD12927A671}.Release|Win32.Build.0 = Release|Win32
		{3D4451E9-5A96-3AEE-8B21-DCD12927A671}.MinSizeRel|Win32.ActiveCfg = MinSizeRel|Win32
		{3D4451E9-5A96-3AEE-8B21-DCD12927A671}.MinSizeRel|Win32.Build.0 = MinSizeRel|Win32
		{3D4451E9-5A96-3AEE-8B21-DCD12927A671}.RelWithDebInfo|Win32.ActiveCfg = RelWithDebInfo|Win32
		{3D4451E9-5A96-3AEE-8B21-DCD12927A671}.RelWithDebInfo|Win32.Build.0 = RelWithDebInfo|Win32
	EndGlobalSection
	GlobalSection(NestedProjects) = preSolution
		{711A795D-A9FE-3FD8-9D4A-19E35FD8A352} = {D85D51E6-6976-3B90-BC1B-0AE4BCD8F296}
		{2B8BF521-CA81-3735-B8EE-5770B17924AD} = {AF085EC6-8A67-3397-84AA-ED3F13086B4B}
		{7A2FC30E-CF6E-375C-AA0C-8CC0BD13F82E} = {AF085EC6-8A67-3397-84AA-ED3F13086B4B}
		{48C9B259-64C0-3AF0-8C5E-856BBB9B6AED} = {AF085EC6-8A67-3397-84AA-ED3F13086B4B}
		{4332727A-93F8-33C6-A309-44B92C4ACAD0} = {AF085EC6-8A67-3397-84AA-ED3F13086B4B}
		{25A108AC-C2DC-340A-904E-549ECC02D5CE} = {3E8EC8F2-5AD8-3208-B6BC-0407BA979904}
		{2928DC5A-7103-3382-8A97-1A7443F50432} = {3E8EC8F2-5AD8-3208-B6BC-0407BA979904}
		{873EE910-8BCE-395A-876A-D3ADB1AE25C5} = {7195C67F-FFF3-346F-826A-136508A5C83C}
		{93518520-D690-3609-8EF7-D72ECD312BEF} = {7195C67F-FFF3-346F-826A-136508A5C83C}
		{375D94DD-CD7A-3F08-AFF6-9632C1FC64AA} = {7195C67F-FFF3-346F-826A-136508A5C83C}
		{0FF1CE28-203F-3F1F-BC0B-A2E3FC262534} = {7195C67F-FFF3-346F-826A-136508A5C83C}
		{482DC662-168C-3F7B-8452-8934453A2D81} = {7195C67F-FFF3-346F-826A-136508A5C83C}
		{6DB04EBB-EE13-35B2-B7B2-E42D4FA9928D} = {7195C67F-FFF3-346F-826A-136508A5C83C}
		{16E30CFF-A2A7-3110-B6E4-CA40A85E7608} = {7195C67F-FFF3-346F-826A-136508A5C83C}
		{6D393995-5B0E-3E77-BF26-6307DD46B388} = {7195C67F-FFF3-346F-826A-136508A5C83C}
		{EED98D9C-3426-3752-BA5B-1F98D5DC7676} = {7195C67F-FFF3-346F-826A-136508A5C83C}
		{EEC53E12-DF81-32EE-849C-5DF8FA02F936} = {7195C67F-FFF3-346F-826A-136508A5C83C}
		{4308570A-EBF8-38CE-82A7-7B1EC142A489} = {7195C67F-FFF3-346F-826A-136508A5C83C}
		{FDA36908-7743-36D1-A1D1-87ECC271AB7F} = {7195C67F-FFF3-346F-826A-136508A5C83C}
		{DE0898BA-88F5-31B6-A756-58535D217BF1} = {7195C67F-FFF3-346F-826A-136508A5C83C}
		{DDDFC358-6460-3930-841D-B3C27E570435} = {7195C67F-FFF3-346F-826A-136508A5C83C}
		{840D6045-0C46-3742-8786-A4049826E70A} = {7195C67F-FFF3-346F-826A-136508A5C83C}
		{9D0EFF84-F9DE-367E-B24A-8052CF10A841} = {7195C67F-FFF3-346F-826A-136508A5C83C}
		{5F3BF379-CAAC-30E5-B9F7-FCADF9F78209} = {7195C67F-FFF3-346F-826A-136508A5C83C}
		{24F67D03-2C99-3C33-BC66-C4C736B7DFB2} = {7195C67F-FFF3-346F-826A-136508A5C83C}
		{0CEBA14F-4B86-3173-86BA-BD4314A82642} = {7195C67F-FFF3-346F-826A-136508A5C83C}
		{9267EF4F-96F9-3438-81B1-757EE10B98DD} = {7195C67F-FFF3-346F-826A-136508A5C83C}
		{04645F0D-E59B-36A6-A38D-FCC4171F545A} = {7195C67F-FFF3-346F-826A-136508A5C83C}
		{42F79CAE-6FF9-320A-BF3F-A8CA5F893B8F} = {7195C67F-FFF3-346F-826A-136508A5C83C}
		{FE8B27EE-DA61-36B1-8FCB-C4EDDB9061B4} = {7195C67F-FFF3-346F-826A-136508A5C83C}
		{E3265EAF-E487-3F1B-8D7D-B6F0770DA339} = {7195C67F-FFF3-346F-826A-136508A5C83C}
		{F9070415-243A-3A63-AF21-C39CB0F8179B} = {7195C67F-FFF3-346F-826A-136508A5C83C}
		{A731B812-B05B-32C4-84B4-43A6A1D74DD9} = {7195C67F-FFF3-346F-826A-136508A5C83C}
		{7E6462DA-58DD-342B-85AD-E43D05FD2651} = {7195C67F-FFF3-346F-826A-136508A5C83C}
		{35586F1B-ED17-3D30-9AA1-6A32DAE4489F} = {7195C67F-FFF3-346F-826A-136508A5C83C}
		{2F2930DA-92CC-3C8F-BFC9-C5FF4D0A8026} = {7195C67F-FFF3-346F-826A-136508A5C83C}
		{11E4D982-E7BD-3FC7-9B83-557E897E3B43} = {7195C67F-FFF3-346F-826A-136508A5C83C}
		{1B2844CC-A931-3EE7-A73F-FB80E5B641B3} = {7195C67F-FFF3-346F-826A-136508A5C83C}
		{061D2D4D-935D-36EE-8286-F3445104A022} = {7195C67F-FFF3-346F-826A-136508A5C83C}
		{F308E87B-76B8-371B-A306-B62CB3F00B35} = {7195C67F-FFF3-346F-826A-136508A5C83C}
		{0A96F20D-C40B-3D5C-BC44-E37274FB5ED1} = {7195C67F-FFF3-346F-826A-136508A5C83C}
		{177A98DA-83EA-3D80-A666-A8CBA4E5C934} = {7195C67F-FFF3-346F-826A-136508A5C83C}
		{D6220EFB-0295-35C7-8457-627154913190} = {7195C67F-FFF3-346F-826A-136508A5C83C}
		{988D3829-91BF-3B4E-899D-7CBD5251DD5B} = {7195C67F-FFF3-346F-826A-136508A5C83C}
		{1CE82701-7B72-3546-94B5-B01FB753003D} = {7195C67F-FFF3-346F-826A-136508A5C83C}
		{80DD1562-8146-322F-9B53-6FEEDFB6D6CF} = {7195C67F-FFF3-346F-826A-136508A5C83C}
		{7C0E7106-0C6F-3896-9806-29F5F4DD7C01} = {7195C67F-FFF3-346F-826A-136508A5C83C}
		{A0F3CC3C-5650-35F3-9A33-857ED31ABFE7} = {7195C67F-FFF3-346F-826A-136508A5C83C}
		{3D4451E9-5A96-3AEE-8B21-DCD12927A671} = {7195C67F-FFF3-346F-826A-136508A5C83C}
		{7FFBD927-41AB-3E3D-BFBE-26088C1145B7} = {9CFD043B-9348-32DB-AE9D-68CEC71941A9}
		{B2EE9014-5AEA-346C-B7EE-9B8467E143AE} = {9CFD043B-9348-32DB-AE9D-68CEC71941A9}
		{361D25A2-D365-332E-8F31-026DA0D32759} = {9CFD043B-9348-32DB-AE9D-68CEC71941A9}
		{B375B348-0970-30B4-A061-6AD02FC89D46} = {7FFBD927-41AB-3E3D-BFBE-26088C1145B7}
		{63774713-1C64-3F29-904A-874A1D16B683} = {7FFBD927-41AB-3E3D-BFBE-26088C1145B7}
		{5DBB1532-0374-34F7-A2AE-C5F4B8F2FAB5} = {7FFBD927-41AB-3E3D-BFBE-26088C1145B7}
		{D5066B6D-FF8E-3773-A450-7A5EE44949D4} = {7FFBD927-41AB-3E3D-BFBE-26088C1145B7}
	EndGlobalSection
	GlobalSection(ExtensibilityGlobals) = postSolution
		SolutionGuid = {35934F0B-E0C6-3FD8-8673-22ED9604929D}
	EndGlobalSection
	GlobalSection(ExtensibilityAddIns) = postSolution
	EndGlobalSection
EndGlobal
